// !$*UTF8*$!
{
	archiveVersion = 1;
	classes = {
	};
	objectVersion = 50;
	objects = {

/* Begin PBXBuildFile section */
		4B195836223687C600C32C76 /* AppDelegate.swift in Sources */ = {isa = PBXBuildFile; fileRef = 4B195835223687C600C32C76 /* AppDelegate.swift */; };
		4B195838223687C600C32C76 /* ViewController.swift in Sources */ = {isa = PBXBuildFile; fileRef = 4B195837223687C600C32C76 /* ViewController.swift */; };
		4B19583D223687C700C32C76 /* Assets.xcassets in Resources */ = {isa = PBXBuildFile; fileRef = 4B19583C223687C700C32C76 /* Assets.xcassets */; };
		4B195840223687C700C32C76 /* LaunchScreen.storyboard in Resources */ = {isa = PBXBuildFile; fileRef = 4B19583E223687C700C32C76 /* LaunchScreen.storyboard */; };
		4BA9598822368F67005609C6 /* chart_data.json in Resources */ = {isa = PBXBuildFile; fileRef = 4BA9598722368F67005609C6 /* chart_data.json */; };
		4BA9598B223691FB005609C6 /* Dataset.swift in Sources */ = {isa = PBXBuildFile; fileRef = 4BA9598A223691FB005609C6 /* Dataset.swift */; };
		4BA9598F2236941D005609C6 /* DatasetJSONParser.swift in Sources */ = {isa = PBXBuildFile; fileRef = 4BA9598C22369303005609C6 /* DatasetJSONParser.swift */; };
		4BA959912236ABCA005609C6 /* Result.swift in Sources */ = {isa = PBXBuildFile; fileRef = 4BA959902236ABCA005609C6 /* Result.swift */; };
		6EC00BA330C9951F9CA44013 /* libPods-iChartsDemo.a in Frameworks */ = {isa = PBXBuildFile; fileRef = F448F82F6DFB1D11C50445EF /* libPods-iChartsDemo.a */; };
/* End PBXBuildFile section */

/* Begin PBXFileReference section */
		2DC43DA7FAAAFA9357A1EDD6 /* Pods-iChartsDemo.release.xcconfig */ = {isa = PBXFileReference; includeInIndex = 1; lastKnownFileType = text.xcconfig; name = "Pods-iChartsDemo.release.xcconfig"; path = "Target Support Files/Pods-iChartsDemo/Pods-iChartsDemo.release.xcconfig"; sourceTree = "<group>"; };
		4B195832223687C600C32C76 /* iChartsDemo.app */ = {isa = PBXFileReference; explicitFileType = wrapper.application; includeInIndex = 0; path = iChartsDemo.app; sourceTree = BUILT_PRODUCTS_DIR; };
		4B195835223687C600C32C76 /* AppDelegate.swift */ = {isa = PBXFileReference; lastKnownFileType = sourcecode.swift; path = AppDelegate.swift; sourceTree = "<group>"; };
		4B195837223687C600C32C76 /* ViewController.swift */ = {isa = PBXFileReference; lastKnownFileType = sourcecode.swift; path = ViewController.swift; sourceTree = "<group>"; };
		4B19583C223687C700C32C76 /* Assets.xcassets */ = {isa = PBXFileReference; lastKnownFileType = folder.assetcatalog; path = Assets.xcassets; sourceTree = "<group>"; };
		4B19583F223687C700C32C76 /* Base */ = {isa = PBXFileReference; lastKnownFileType = file.storyboard; name = Base; path = Base.lproj/LaunchScreen.storyboard; sourceTree = "<group>"; };
		4B195841223687C700C32C76 /* Info.plist */ = {isa = PBXFileReference; lastKnownFileType = text.plist.xml; path = Info.plist; sourceTree = "<group>"; };
		4BA9598722368F67005609C6 /* chart_data.json */ = {isa = PBXFileReference; fileEncoding = 4; lastKnownFileType = text.json; name = chart_data.json; path = ../../../Shared/Resources/chart_data.json; sourceTree = "<group>"; };
		4BA9598A223691FB005609C6 /* Dataset.swift */ = {isa = PBXFileReference; lastKnownFileType = sourcecode.swift; path = Dataset.swift; sourceTree = "<group>"; };
		4BA9598C22369303005609C6 /* DatasetJSONParser.swift */ = {isa = PBXFileReference; lastKnownFileType = sourcecode.swift; path = DatasetJSONParser.swift; sourceTree = "<group>"; };
		4BA959902236ABCA005609C6 /* Result.swift */ = {isa = PBXFileReference; lastKnownFileType = sourcecode.swift; path = Result.swift; sourceTree = "<group>"; };
		65FDBB5C18FF5D3178BC8EA5 /* Pods-iChartsDemo.debug.xcconfig */ = {isa = PBXFileReference; includeInIndex = 1; lastKnownFileType = text.xcconfig; name = "Pods-iChartsDemo.debug.xcconfig"; path = "Target Support Files/Pods-iChartsDemo/Pods-iChartsDemo.debug.xcconfig"; sourceTree = "<group>"; };
		F448F82F6DFB1D11C50445EF /* libPods-iChartsDemo.a */ = {isa = PBXFileReference; explicitFileType = archive.ar; includeInIndex = 0; path = "libPods-iChartsDemo.a"; sourceTree = BUILT_PRODUCTS_DIR; };
/* End PBXFileReference section */

/* Begin PBXFrameworksBuildPhase section */
		4B19582F223687C600C32C76 /* Frameworks */ = {
			isa = PBXFrameworksBuildPhase;
			buildActionMask = 2147483647;
			files = (
				6EC00BA330C9951F9CA44013 /* libPods-iChartsDemo.a in Frameworks */,
			);
			runOnlyForDeploymentPostprocessing = 0;
		};
/* End PBXFrameworksBuildPhase section */

/* Begin PBXGroup section */
		4B195829223687C600C32C76 = {
			isa = PBXGroup;
			children = (
				4B195834223687C600C32C76 /* iChartsDemo */,
				4B195833223687C600C32C76 /* Products */,
				D80A36C188DE9E526632D517 /* Pods */,
				8CB1113801BFCB334A79ED76 /* Frameworks */,
			);
			sourceTree = "<group>";
		};
		4B195833223687C600C32C76 /* Products */ = {
			isa = PBXGroup;
			children = (
				4B195832223687C600C32C76 /* iChartsDemo.app */,
			);
			name = Products;
			sourceTree = "<group>";
		};
		4B195834223687C600C32C76 /* iChartsDemo */ = {
			isa = PBXGroup;
			children = (
				4BA95989223691E3005609C6 /* Services */,
				4BA9598622368F20005609C6 /* Resources */,
				4B195835223687C600C32C76 /* AppDelegate.swift */,
				4B195837223687C600C32C76 /* ViewController.swift */,
				4B19583E223687C700C32C76 /* LaunchScreen.storyboard */,
				4B195841223687C700C32C76 /* Info.plist */,
			);
			path = iChartsDemo;
			sourceTree = "<group>";
		};
		4BA9598622368F20005609C6 /* Resources */ = {
			isa = PBXGroup;
			children = (
				4BA9598722368F67005609C6 /* chart_data.json */,
				4B19583C223687C700C32C76 /* Assets.xcassets */,
			);
			path = Resources;
			sourceTree = "<group>";
		};
		4BA95989223691E3005609C6 /* Services */ = {
			isa = PBXGroup;
			children = (
				4BA9598E223693D4005609C6 /* DatasetJSONParser */,
			);
			path = Services;
			sourceTree = "<group>";
		};
		4BA9598E223693D4005609C6 /* DatasetJSONParser */ = {
			isa = PBXGroup;
			children = (
				4BA9598A223691FB005609C6 /* Dataset.swift */,
				4BA9598C22369303005609C6 /* DatasetJSONParser.swift */,
				4BA959902236ABCA005609C6 /* Result.swift */,
			);
			path = DatasetJSONParser;
			sourceTree = "<group>";
		};
		8CB1113801BFCB334A79ED76 /* Frameworks */ = {
			isa = PBXGroup;
			children = (
				F448F82F6DFB1D11C50445EF /* libPods-iChartsDemo.a */,
			);
			name = Frameworks;
			sourceTree = "<group>";
		};
		D80A36C188DE9E526632D517 /* Pods */ = {
			isa = PBXGroup;
			children = (
				65FDBB5C18FF5D3178BC8EA5 /* Pods-iChartsDemo.debug.xcconfig */,
				2DC43DA7FAAAFA9357A1EDD6 /* Pods-iChartsDemo.release.xcconfig */,
			);
			name = Pods;
			path = ../Pods;
			sourceTree = "<group>";
		};
/* End PBXGroup section */

/* Begin PBXNativeTarget section */
		4B195831223687C600C32C76 /* iChartsDemo */ = {
			isa = PBXNativeTarget;
			buildConfigurationList = 4B195844223687C700C32C76 /* Build configuration list for PBXNativeTarget "iChartsDemo" */;
			buildPhases = (
				0FE86BFF7DDCE14B94FF366F /* [CP] Check Pods Manifest.lock */,
				4B19582E223687C600C32C76 /* Sources */,
				4B19582F223687C600C32C76 /* Frameworks */,
				4B195830223687C600C32C76 /* Resources */,
			);
			buildRules = (
			);
			dependencies = (
			);
			name = iChartsDemo;
			productName = iChartsDemo;
			productReference = 4B195832223687C600C32C76 /* iChartsDemo.app */;
			productType = "com.apple.product-type.application";
		};
/* End PBXNativeTarget section */

/* Begin PBXProject section */
		4B19582A223687C600C32C76 /* Project object */ = {
			isa = PBXProject;
			attributes = {
				LastSwiftUpdateCheck = 1010;
				LastUpgradeCheck = 1010;
				ORGANIZATIONNAME = "Volodymyr Hryhoriev";
				TargetAttributes = {
					4B195831223687C600C32C76 = {
						CreatedOnToolsVersion = 10.1;
					};
				};
			};
			buildConfigurationList = 4B19582D223687C600C32C76 /* Build configuration list for PBXProject "iChartsDemo" */;
			compatibilityVersion = "Xcode 9.3";
			developmentRegion = en;
			hasScannedForEncodings = 0;
			knownRegions = (
				en,
				Base,
			);
			mainGroup = 4B195829223687C600C32C76;
			productRefGroup = 4B195833223687C600C32C76 /* Products */;
			projectDirPath = "";
			projectRoot = "";
			targets = (
				4B195831223687C600C32C76 /* iChartsDemo */,
			);
		};
/* End PBXProject section */

/* Begin PBXResourcesBuildPhase section */
		4B195830223687C600C32C76 /* Resources */ = {
			isa = PBXResourcesBuildPhase;
			buildActionMask = 2147483647;
			files = (
				4B195840223687C700C32C76 /* LaunchScreen.storyboard in Resources */,
				4B19583D223687C700C32C76 /* Assets.xcassets in Resources */,
				4BA9598822368F67005609C6 /* chart_data.json in Resources */,
			);
			runOnlyForDeploymentPostprocessing = 0;
		};
/* End PBXResourcesBuildPhase section */

/* Begin PBXShellScriptBuildPhase section */
		0FE86BFF7DDCE14B94FF366F /* [CP] Check Pods Manifest.lock */ = {
			isa = PBXShellScriptBuildPhase;
			buildActionMask = 2147483647;
			files = (
			);
			inputFileListPaths = (
			);
			inputPaths = (
				"${PODS_PODFILE_DIR_PATH}/Podfile.lock",
				"${PODS_ROOT}/Manifest.lock",
			);
			name = "[CP] Check Pods Manifest.lock";
			outputFileListPaths = (
			);
			outputPaths = (
				"$(DERIVED_FILE_DIR)/Pods-iChartsDemo-checkManifestLockResult.txt",
			);
			runOnlyForDeploymentPostprocessing = 0;
			shellPath = /bin/sh;
			shellScript = "diff \"${PODS_PODFILE_DIR_PATH}/Podfile.lock\" \"${PODS_ROOT}/Manifest.lock\" > /dev/null\nif [ $? != 0 ] ; then\n    # print error to STDERR\n    echo \"error: The sandbox is not in sync with the Podfile.lock. Run 'pod install' or update your CocoaPods installation.\" >&2\n    exit 1\nfi\n# This output is used by Xcode 'outputs' to avoid re-running this script phase.\necho \"SUCCESS\" > \"${SCRIPT_OUTPUT_FILE_0}\"\n";
			showEnvVarsInLog = 0;
		};
/* End PBXShellScriptBuildPhase section */

/* Begin PBXSourcesBuildPhase section */
		4B19582E223687C600C32C76 /* Sources */ = {
			isa = PBXSourcesBuildPhase;
			buildActionMask = 2147483647;
			files = (
				4B195838223687C600C32C76 /* ViewController.swift in Sources */,
				4BA959912236ABCA005609C6 /* Result.swift in Sources */,
				4B195836223687C600C32C76 /* AppDelegate.swift in Sources */,
				4BA9598B223691FB005609C6 /* Dataset.swift in Sources */,
				4BA9598F2236941D005609C6 /* DatasetJSONParser.swift in Sources */,
			);
			runOnlyForDeploymentPostprocessing = 0;
		};
/* End PBXSourcesBuildPhase section */

/* Begin PBXVariantGroup section */
		4B19583E223687C700C32C76 /* LaunchScreen.storyboard */ = {
			isa = PBXVariantGroup;
			children = (
				4B19583F223687C700C32C76 /* Base */,
			);
			name = LaunchScreen.storyboard;
			sourceTree = "<group>";
		};
/* End PBXVariantGroup section */

/* Begin XCBuildConfiguration section */
		4B195842223687C700C32C76 /* Debug */ = {
			isa = XCBuildConfiguration;
			buildSettings = {
				ALWAYS_SEARCH_USER_PATHS = NO;
				CLANG_ANALYZER_NONNULL = YES;
				CLANG_ANALYZER_NUMBER_OBJECT_CONVERSION = YES_AGGRESSIVE;
				CLANG_CXX_LANGUAGE_STANDARD = "gnu++14";
				CLANG_CXX_LIBRARY = "libc++";
				CLANG_ENABLE_MODULES = YES;
				CLANG_ENABLE_OBJC_ARC = YES;
				CLANG_ENABLE_OBJC_WEAK = YES;
				CLANG_WARN_BLOCK_CAPTURE_AUTORELEASING = YES;
				CLANG_WARN_BOOL_CONVERSION = YES;
				CLANG_WARN_COMMA = YES;
				CLANG_WARN_CONSTANT_CONVERSION = YES;
				CLANG_WARN_DEPRECATED_OBJC_IMPLEMENTATIONS = YES;
				CLANG_WARN_DIRECT_OBJC_ISA_USAGE = YES_ERROR;
				CLANG_WARN_DOCUMENTATION_COMMENTS = YES;
				CLANG_WARN_EMPTY_BODY = YES;
				CLANG_WARN_ENUM_CONVERSION = YES;
				CLANG_WARN_INFINITE_RECURSION = YES;
				CLANG_WARN_INT_CONVERSION = YES;
				CLANG_WARN_NON_LITERAL_NULL_CONVERSION = YES;
				CLANG_WARN_OBJC_IMPLICIT_RETAIN_SELF = YES;
				CLANG_WARN_OBJC_LITERAL_CONVERSION = YES;
				CLANG_WARN_OBJC_ROOT_CLASS = YES_ERROR;
				CLANG_WARN_RANGE_LOOP_ANALYSIS = YES;
				CLANG_WARN_STRICT_PROTOTYPES = YES;
				CLANG_WARN_SUSPICIOUS_MOVE = YES;
				CLANG_WARN_UNGUARDED_AVAILABILITY = YES_AGGRESSIVE;
				CLANG_WARN_UNREACHABLE_CODE = YES;
				CLANG_WARN__DUPLICATE_METHOD_MATCH = YES;
				CODE_SIGN_IDENTITY = "iPhone Developer";
				COPY_PHASE_STRIP = NO;
				DEBUG_INFORMATION_FORMAT = dwarf;
				ENABLE_STRICT_OBJC_MSGSEND = YES;
				ENABLE_TESTABILITY = YES;
				GCC_C_LANGUAGE_STANDARD = gnu11;
				GCC_DYNAMIC_NO_PIC = NO;
				GCC_NO_COMMON_BLOCKS = YES;
				GCC_OPTIMIZATION_LEVEL = 0;
				GCC_PREPROCESSOR_DEFINITIONS = (
					"DEBUG=1",
					"$(inherited)",
				);
				GCC_WARN_64_TO_32_BIT_CONVERSION = YES;
				GCC_WARN_ABOUT_RETURN_TYPE = YES_ERROR;
				GCC_WARN_UNDECLARED_SELECTOR = YES;
				GCC_WARN_UNINITIALIZED_AUTOS = YES_AGGRESSIVE;
				GCC_WARN_UNUSED_FUNCTION = YES;
				GCC_WARN_UNUSED_VARIABLE = YES;
				IPHONEOS_DEPLOYMENT_TARGET = 10;
				MTL_ENABLE_DEBUG_INFO = INCLUDE_SOURCE;
				MTL_FAST_MATH = YES;
				ONLY_ACTIVE_ARCH = YES;
				SDKROOT = iphoneos;
				SWIFT_ACTIVE_COMPILATION_CONDITIONS = DEBUG;
				SWIFT_OPTIMIZATION_LEVEL = "-Onone";
			};
			name = Debug;
		};
		4B195843223687C700C32C76 /* Release */ = {
			isa = XCBuildConfiguration;
			buildSettings = {
				ALWAYS_SEARCH_USER_PATHS = NO;
				CLANG_ANALYZER_NONNULL = YES;
				CLANG_ANALYZER_NUMBER_OBJECT_CONVERSION = YES_AGGRESSIVE;
				CLANG_CXX_LANGUAGE_STANDARD = "gnu++14";
				CLANG_CXX_LIBRARY = "libc++";
				CLANG_ENABLE_MODULES = YES;
				CLANG_ENABLE_OBJC_ARC = YES;
				CLANG_ENABLE_OBJC_WEAK = YES;
				CLANG_WARN_BLOCK_CAPTURE_AUTORELEASING = YES;
				CLANG_WARN_BOOL_CONVERSION = YES;
				CLANG_WARN_COMMA = YES;
				CLANG_WARN_CONSTANT_CONVERSION = YES;
				CLANG_WARN_DEPRECATED_OBJC_IMPLEMENTATIONS = YES;
				CLANG_WARN_DIRECT_OBJC_ISA_USAGE = YES_ERROR;
				CLANG_WARN_DOCUMENTATION_COMMENTS = YES;
				CLANG_WARN_EMPTY_BODY = YES;
				CLANG_WARN_ENUM_CONVERSION = YES;
				CLANG_WARN_INFINITE_RECURSION = YES;
				CLANG_WARN_INT_CONVERSION = YES;
				CLANG_WARN_NON_LITERAL_NULL_CONVERSION = YES;
				CLANG_WARN_OBJC_IMPLICIT_RETAIN_SELF = YES;
				CLANG_WARN_OBJC_LITERAL_CONVERSION = YES;
				CLANG_WARN_OBJC_ROOT_CLASS = YES_ERROR;
				CLANG_WARN_RANGE_LOOP_ANALYSIS = YES;
				CLANG_WARN_STRICT_PROTOTYPES = YES;
				CLANG_WARN_SUSPICIOUS_MOVE = YES;
				CLANG_WARN_UNGUARDED_AVAILABILITY = YES_AGGRESSIVE;
				CLANG_WARN_UNREACHABLE_CODE = YES;
				CLANG_WARN__DUPLICATE_METHOD_MATCH = YES;
				CODE_SIGN_IDENTITY = "iPhone Developer";
				COPY_PHASE_STRIP = NO;
				DEBUG_INFORMATION_FORMAT = "dwarf-with-dsym";
				ENABLE_NS_ASSERTIONS = NO;
				ENABLE_STRICT_OBJC_MSGSEND = YES;
				GCC_C_LANGUAGE_STANDARD = gnu11;
				GCC_NO_COMMON_BLOCKS = YES;
				GCC_WARN_64_TO_32_BIT_CONVERSION = YES;
				GCC_WARN_ABOUT_RETURN_TYPE = YES_ERROR;
				GCC_WARN_UNDECLARED_SELECTOR = YES;
				GCC_WARN_UNINITIALIZED_AUTOS = YES_AGGRESSIVE;
				GCC_WARN_UNUSED_FUNCTION = YES;
				GCC_WARN_UNUSED_VARIABLE = YES;
				IPHONEOS_DEPLOYMENT_TARGET = 10;
				MTL_ENABLE_DEBUG_INFO = NO;
				MTL_FAST_MATH = YES;
				SDKROOT = iphoneos;
				SWIFT_COMPILATION_MODE = wholemodule;
				SWIFT_OPTIMIZATION_LEVEL = "-O";
				VALIDATE_PRODUCT = YES;
			};
			name = Release;
		};
		4B195845223687C700C32C76 /* Debug */ = {
			isa = XCBuildConfiguration;
			baseConfigurationReference = 65FDBB5C18FF5D3178BC8EA5 /* Pods-iChartsDemo.debug.xcconfig */;
			buildSettings = {
				ASSETCATALOG_COMPILER_APPICON_NAME = AppIcon;
				CODE_SIGN_STYLE = Automatic;
				DEVELOPMENT_TEAM = MQ7UXJJ9YY;
				INFOPLIST_FILE = iChartsDemo/Info.plist;
				IPHONEOS_DEPLOYMENT_TARGET = 10;
				LD_RUNPATH_SEARCH_PATHS = (
					"$(inherited)",
					"@executable_path/Frameworks",
				);
				PRODUCT_BUNDLE_IDENTIFIER = com.specialfor.iChartsDemo;
				PRODUCT_NAME = "$(TARGET_NAME)";
				SWIFT_VERSION = 4.2;
				TARGETED_DEVICE_FAMILY = "1,2";
			};
			name = Debug;
		};
		4B195846223687C700C32C76 /* Release */ = {
			isa = XCBuildConfiguration;
			baseConfigurationReference = 2DC43DA7FAAAFA9357A1EDD6 /* Pods-iChartsDemo.release.xcconfig */;
			buildSettings = {
				ASSETCATALOG_COMPILER_APPICON_NAME = AppIcon;
				CODE_SIGN_STYLE = Automatic;
				DEVELOPMENT_TEAM = MQ7UXJJ9YY;
				INFOPLIST_FILE = iChartsDemo/Info.plist;
				IPHONEOS_DEPLOYMENT_TARGET = 10;
				LD_RUNPATH_SEARCH_PATHS = (
					"$(inherited)",
					"@executable_path/Frameworks",
				);
				PRODUCT_BUNDLE_IDENTIFIER = com.specialfor.iChartsDemo;
				PRODUCT_NAME = "$(TARGET_NAME)";
				SWIFT_VERSION = 4.2;
				TARGETED_DEVICE_FAMILY = "1,2";
			};
			name = Release;
		};
/* End XCBuildConfiguration section */

/* Begin XCConfigurationList section */
		4B19582D223687C600C32C76 /* Build configuration list for PBXProject "iChartsDemo" */ = {
			isa = XCConfigurationList;
			buildConfigurations = (
				4B195842223687C700C32C76 /* Debug */,
				4B195843223687C700C32C76 /* Release */,
			);
			defaultConfigurationIsVisible = 0;
			defaultConfigurationName = Release;
		};
		4B195844223687C700C32C76 /* Build configuration list for PBXNativeTarget "iChartsDemo" */ = {
			isa = XCConfigurationList;
			buildConfigurations = (
				4B195845223687C700C32C76 /* Debug */,
				4B195846223687C700C32C76 /* Release */,
			);
			defaultConfigurationIsVisible = 0;
			defaultConfigurationName = Release;
		};
/* End XCConfigurationList section */
	};
	rootObject = 4B19582A223687C600C32C76 /* Project object */;
}
