// !$*UTF8*$!
{
	archiveVersion = 1;
	classes = {
	};
	objectVersion = 50;
	objects = {

/* Begin PBXBuildFile section */
		4B195836223687C600C32C76 /* AppDelegate.swift in Sources */ = {isa = PBXBuildFile; fileRef = 4B195835223687C600C32C76 /* AppDelegate.swift */; };
		4B19583D223687C700C32C76 /* Assets.xcassets in Resources */ = {isa = PBXBuildFile; fileRef = 4B19583C223687C700C32C76 /* Assets.xcassets */; };
		4B195840223687C700C32C76 /* LaunchScreen.storyboard in Resources */ = {isa = PBXBuildFile; fileRef = 4B19583E223687C700C32C76 /* LaunchScreen.storyboard */; };
		4B27CBAA2238040300AF42BB /* iCharts.framework in Frameworks */ = {isa = PBXBuildFile; fileRef = 4B27CBA12238040300AF42BB /* iCharts.framework */; };
		4B27CBB12238040300AF42BB /* iChartsTests.swift in Sources */ = {isa = PBXBuildFile; fileRef = 4B27CBB02238040300AF42BB /* iChartsTests.swift */; };
		4B27CBB32238040400AF42BB /* iCharts.h in Headers */ = {isa = PBXBuildFile; fileRef = 4B27CBA32238040300AF42BB /* iCharts.h */; settings = {ATTRIBUTES = (Public, ); }; };
		4B27CBB62238040400AF42BB /* iCharts.framework in Frameworks */ = {isa = PBXBuildFile; fileRef = 4B27CBA12238040300AF42BB /* iCharts.framework */; };
		4B27CBB72238040400AF42BB /* iCharts.framework in Embed Frameworks */ = {isa = PBXBuildFile; fileRef = 4B27CBA12238040300AF42BB /* iCharts.framework */; settings = {ATTRIBUTES = (CodeSignOnCopy, RemoveHeadersOnCopy, ); }; };
		4B27CBC12238040D00AF42BB /* Normalizer.swift in Sources */ = {isa = PBXBuildFile; fileRef = 4B27CBBF2238040C00AF42BB /* Normalizer.swift */; };
		4B27CBC22238040D00AF42BB /* ChartView.swift in Sources */ = {isa = PBXBuildFile; fileRef = 4B27CBC02238040D00AF42BB /* ChartView.swift */; };
		4B27CBC82238045E00AF42BB /* chart_data.json in Resources */ = {isa = PBXBuildFile; fileRef = 4B27CBC72238045D00AF42BB /* chart_data.json */; };
		4B27CBC92238045E00AF42BB /* chart_data.json in Resources */ = {isa = PBXBuildFile; fileRef = 4B27CBC72238045D00AF42BB /* chart_data.json */; };
		4B2C064B22390A92008B2D69 /* SizeNormalizer.swift in Sources */ = {isa = PBXBuildFile; fileRef = 4B2C064A22390A92008B2D69 /* SizeNormalizer.swift */; };
		4B2C065122391B1A008B2D69 /* Array+CGFloat.swift in Sources */ = {isa = PBXBuildFile; fileRef = 4B2C065022391B1A008B2D69 /* Array+CGFloat.swift */; };
		4B2C065422391C20008B2D69 /* LineLayer.swift in Sources */ = {isa = PBXBuildFile; fileRef = 4B2C065322391C20008B2D69 /* LineLayer.swift */; };
		4B2C06562239201D008B2D69 /* Array+CGPoint.swift in Sources */ = {isa = PBXBuildFile; fileRef = 4B2C06552239201D008B2D69 /* Array+CGPoint.swift */; };
		4B2C06582239202C008B2D69 /* Array+Values.swift in Sources */ = {isa = PBXBuildFile; fileRef = 4B2C06572239202C008B2D69 /* Array+Values.swift */; };
		4B2C065A22392196008B2D69 /* zipInto.swift in Sources */ = {isa = PBXBuildFile; fileRef = 4B2C065922392196008B2D69 /* zipInto.swift */; };
		4B2C065D22392A1E008B2D69 /* Line.swift in Sources */ = {isa = PBXBuildFile; fileRef = 4B2C065C22392A1E008B2D69 /* Line.swift */; };
		4B2C066122392A4B008B2D69 /* Typealiases.swift in Sources */ = {isa = PBXBuildFile; fileRef = 4B2C066022392A4B008B2D69 /* Typealiases.swift */; };
		4B2C066322392AF1008B2D69 /* LineChartLayer.swift in Sources */ = {isa = PBXBuildFile; fileRef = 4B2C066222392AF1008B2D69 /* LineChartLayer.swift */; };
		4B2C06672239364B008B2D69 /* CATransaction+Animate.swift in Sources */ = {isa = PBXBuildFile; fileRef = 4B2C06662239364B008B2D69 /* CATransaction+Animate.swift */; };
		4B2CF8D4224385BD003AC627 /* ThemeColors.swift in Sources */ = {isa = PBXBuildFile; fileRef = 4B2CF8D3224385BD003AC627 /* ThemeColors.swift */; };
		4B2CF8D622438674003AC627 /* PredefinedThemeColors.swift in Sources */ = {isa = PBXBuildFile; fileRef = 4B2CF8D522438674003AC627 /* PredefinedThemeColors.swift */; };
		4B2CF8DA22438884003AC627 /* ThemeManager.swift in Sources */ = {isa = PBXBuildFile; fileRef = 4B2CF8D922438884003AC627 /* ThemeManager.swift */; };
		4B2CF8DC22438AD3003AC627 /* Theme.swift in Sources */ = {isa = PBXBuildFile; fileRef = 4B2CF8DB22438AD3003AC627 /* Theme.swift */; };
		4B5E11752242208800F53886 /* VerticalLineLayer.swift in Sources */ = {isa = PBXBuildFile; fileRef = 4B5E11742242208800F53886 /* VerticalLineLayer.swift */; };
		4B5E117822424B9C00F53886 /* PannableChartView.swift in Sources */ = {isa = PBXBuildFile; fileRef = 4B5E117722424B9C00F53886 /* PannableChartView.swift */; };
		4B5E117A22424BA700F53886 /* ChartInfoView.swift in Sources */ = {isa = PBXBuildFile; fileRef = 4B5E117922424BA700F53886 /* ChartInfoView.swift */; };
		4B5E117C22427D0400F53886 /* Optional+Try.swift in Sources */ = {isa = PBXBuildFile; fileRef = 4B5E117B22427D0400F53886 /* Optional+Try.swift */; };
		4B5E117E2242D87F00F53886 /* StatisticsViewController.swift in Sources */ = {isa = PBXBuildFile; fileRef = 4B5E117D2242D87F00F53886 /* StatisticsViewController.swift */; };
		4B5E11802242D91300F53886 /* AutoSizableTableView.swift in Sources */ = {isa = PBXBuildFile; fileRef = 4B96E28F223FE508000953C3 /* AutoSizableTableView.swift */; };
		4B7B3F44223E4EB0009C9BA8 /* libUtils.a in Frameworks */ = {isa = PBXBuildFile; fileRef = 4B7B3F3B223E4E85009C9BA8 /* libUtils.a */; };
		4B7B3F45223E4EC5009C9BA8 /* libUtils.a in Frameworks */ = {isa = PBXBuildFile; fileRef = 4B7B3F3B223E4E85009C9BA8 /* libUtils.a */; };
		4B7B3F48223E4EDE009C9BA8 /* Result.swift in Sources */ = {isa = PBXBuildFile; fileRef = 4BA959902236ABCA005609C6 /* Result.swift */; };
		4B96E273223F8A0D000953C3 /* GridLayer.swift in Sources */ = {isa = PBXBuildFile; fileRef = 4B96E272223F8A0D000953C3 /* GridLayer.swift */; };
		4B96E275223F8E90000953C3 /* Segment.swift in Sources */ = {isa = PBXBuildFile; fileRef = 4B96E274223F8E90000953C3 /* Segment.swift */; };
		4B96E277223F9D45000953C3 /* AppCoordinator.swift in Sources */ = {isa = PBXBuildFile; fileRef = 4B96E276223F9D45000953C3 /* AppCoordinator.swift */; };
		4B96E27D223FC328000953C3 /* DetailedChartView.swift in Sources */ = {isa = PBXBuildFile; fileRef = 4B96E27C223FC328000953C3 /* DetailedChartView.swift */; };
		4B96E282223FC8C6000953C3 /* Datasource.swift in Sources */ = {isa = PBXBuildFile; fileRef = 4B96E281223FC8C6000953C3 /* Datasource.swift */; };
		4B96E284223FC8DF000953C3 /* Delegate.swift in Sources */ = {isa = PBXBuildFile; fileRef = 4B96E283223FC8DF000953C3 /* Delegate.swift */; };
		4B96E286223FC9F8000953C3 /* CellProps.swift in Sources */ = {isa = PBXBuildFile; fileRef = 4B96E285223FC9F8000953C3 /* CellProps.swift */; };
		4B96E288223FCAE9000953C3 /* UIImage+Color.swift in Sources */ = {isa = PBXBuildFile; fileRef = 4B96E287223FCAE9000953C3 /* UIImage+Color.swift */; };
		4B96E28A223FCDAD000953C3 /* Variable.swift in Sources */ = {isa = PBXBuildFile; fileRef = 4B96E289223FCDAD000953C3 /* Variable.swift */; };
		4B96E28C223FCDF5000953C3 /* Closure.swift in Sources */ = {isa = PBXBuildFile; fileRef = 4B96E28B223FCDF5000953C3 /* Closure.swift */; };
		4B96E28E223FD37A000953C3 /* Bool+Toggle.swift in Sources */ = {isa = PBXBuildFile; fileRef = 4B96E28D223FD37A000953C3 /* Bool+Toggle.swift */; };
		4BA9598B223691FB005609C6 /* Dataset.swift in Sources */ = {isa = PBXBuildFile; fileRef = 4BA9598A223691FB005609C6 /* Dataset.swift */; };
		4BA9598F2236941D005609C6 /* DatasetJSONParser.swift in Sources */ = {isa = PBXBuildFile; fileRef = 4BA9598C22369303005609C6 /* DatasetJSONParser.swift */; };
		4BDF4B002241193200FF6ADD /* YLabelsLayer.swift in Sources */ = {isa = PBXBuildFile; fileRef = 4BDF4AFF2241193200FF6ADD /* YLabelsLayer.swift */; };
		4BDF4B022241244A00FF6ADD /* XLabelsLayer.swift in Sources */ = {isa = PBXBuildFile; fileRef = 4BDF4B012241244A00FF6ADD /* XLabelsLayer.swift */; };
		4BFBEFCD223A7EB900F2DE99 /* UIColor+Hex.swift in Sources */ = {isa = PBXBuildFile; fileRef = 4BFBEFCC223A7EB900F2DE99 /* UIColor+Hex.swift */; };
		4BFBEFD0223A848000F2DE99 /* ChartScrollView.swift in Sources */ = {isa = PBXBuildFile; fileRef = 4BFBEFCF223A848000F2DE99 /* ChartScrollView.swift */; };
		4BFBEFD2223A870400F2DE99 /* View.swift in Sources */ = {isa = PBXBuildFile; fileRef = 4BFBEFD1223A870400F2DE99 /* View.swift */; };
		4BFBEFD4223A8C0800F2DE99 /* UIView+Constraints.swift in Sources */ = {isa = PBXBuildFile; fileRef = 4BFBEFD3223A8C0800F2DE99 /* UIView+Constraints.swift */; };
		4BFBEFD6223A8DE600F2DE99 /* ExpandableSliderView.swift in Sources */ = {isa = PBXBuildFile; fileRef = 4BFBEFD5223A8DE600F2DE99 /* ExpandableSliderView.swift */; };
		4BFBEFD8223A8E0100F2DE99 /* HandlerView.swift in Sources */ = {isa = PBXBuildFile; fileRef = 4BFBEFD7223A8E0100F2DE99 /* HandlerView.swift */; };
		4BFC626422412F5F004C79E5 /* CATextLayer+Label.swift in Sources */ = {isa = PBXBuildFile; fileRef = 4BFC626322412F5F004C79E5 /* CATextLayer+Label.swift */; };
		F0A47AF72E29F21B72DC6731 /* libPods-iChartsDemo.a in Frameworks */ = {isa = PBXBuildFile; fileRef = E4DABBC55A9819878899FE69 /* libPods-iChartsDemo.a */; };
/* End PBXBuildFile section */

/* Begin PBXContainerItemProxy section */
		4B27CBAB2238040300AF42BB /* PBXContainerItemProxy */ = {
			isa = PBXContainerItemProxy;
			containerPortal = 4B19582A223687C600C32C76 /* Project object */;
			proxyType = 1;
			remoteGlobalIDString = 4B27CBA02238040300AF42BB;
			remoteInfo = iCharts;
		};
		4B27CBAD2238040300AF42BB /* PBXContainerItemProxy */ = {
			isa = PBXContainerItemProxy;
			containerPortal = 4B19582A223687C600C32C76 /* Project object */;
			proxyType = 1;
			remoteGlobalIDString = 4B195831223687C600C32C76;
			remoteInfo = iChartsDemo;
		};
		4B27CBB42238040400AF42BB /* PBXContainerItemProxy */ = {
			isa = PBXContainerItemProxy;
			containerPortal = 4B19582A223687C600C32C76 /* Project object */;
			proxyType = 1;
			remoteGlobalIDString = 4B27CBA02238040300AF42BB;
			remoteInfo = iCharts;
		};
		4B7B3F42223E4E9D009C9BA8 /* PBXContainerItemProxy */ = {
			isa = PBXContainerItemProxy;
			containerPortal = 4B19582A223687C600C32C76 /* Project object */;
			proxyType = 1;
			remoteGlobalIDString = 4B7B3F3A223E4E85009C9BA8;
			remoteInfo = Utils;
		};
		4B7B3F46223E4EC9009C9BA8 /* PBXContainerItemProxy */ = {
			isa = PBXContainerItemProxy;
			containerPortal = 4B19582A223687C600C32C76 /* Project object */;
			proxyType = 1;
			remoteGlobalIDString = 4B7B3F3A223E4E85009C9BA8;
			remoteInfo = Utils;
		};
/* End PBXContainerItemProxy section */

/* Begin PBXCopyFilesBuildPhase section */
		4B27CBBD2238040400AF42BB /* Embed Frameworks */ = {
			isa = PBXCopyFilesBuildPhase;
			buildActionMask = 2147483647;
			dstPath = "";
			dstSubfolderSpec = 10;
			files = (
				4B27CBB72238040400AF42BB /* iCharts.framework in Embed Frameworks */,
			);
			name = "Embed Frameworks";
			runOnlyForDeploymentPostprocessing = 0;
		};
		4B7B3F39223E4E85009C9BA8 /* CopyFiles */ = {
			isa = PBXCopyFilesBuildPhase;
			buildActionMask = 2147483647;
			dstPath = "include/$(PRODUCT_NAME)";
			dstSubfolderSpec = 16;
			files = (
			);
			runOnlyForDeploymentPostprocessing = 0;
		};
/* End PBXCopyFilesBuildPhase section */

/* Begin PBXFileReference section */
		4B195832223687C600C32C76 /* iChartsDemo.app */ = {isa = PBXFileReference; explicitFileType = wrapper.application; includeInIndex = 0; path = iChartsDemo.app; sourceTree = BUILT_PRODUCTS_DIR; };
		4B195835223687C600C32C76 /* AppDelegate.swift */ = {isa = PBXFileReference; lastKnownFileType = sourcecode.swift; path = AppDelegate.swift; sourceTree = "<group>"; };
		4B19583C223687C700C32C76 /* Assets.xcassets */ = {isa = PBXFileReference; lastKnownFileType = folder.assetcatalog; path = Assets.xcassets; sourceTree = "<group>"; };
		4B19583F223687C700C32C76 /* Base */ = {isa = PBXFileReference; lastKnownFileType = file.storyboard; name = Base; path = Base.lproj/LaunchScreen.storyboard; sourceTree = "<group>"; };
		4B195841223687C700C32C76 /* Info.plist */ = {isa = PBXFileReference; lastKnownFileType = text.plist.xml; path = Info.plist; sourceTree = "<group>"; };
		4B27CBA12238040300AF42BB /* iCharts.framework */ = {isa = PBXFileReference; explicitFileType = wrapper.framework; includeInIndex = 0; path = iCharts.framework; sourceTree = BUILT_PRODUCTS_DIR; };
		4B27CBA32238040300AF42BB /* iCharts.h */ = {isa = PBXFileReference; lastKnownFileType = sourcecode.c.h; path = iCharts.h; sourceTree = "<group>"; };
		4B27CBA42238040300AF42BB /* Info.plist */ = {isa = PBXFileReference; lastKnownFileType = text.plist.xml; path = Info.plist; sourceTree = "<group>"; };
		4B27CBA92238040300AF42BB /* iChartsTests.xctest */ = {isa = PBXFileReference; explicitFileType = wrapper.cfbundle; includeInIndex = 0; path = iChartsTests.xctest; sourceTree = BUILT_PRODUCTS_DIR; };
		4B27CBB02238040300AF42BB /* iChartsTests.swift */ = {isa = PBXFileReference; lastKnownFileType = sourcecode.swift; path = iChartsTests.swift; sourceTree = "<group>"; };
		4B27CBB22238040400AF42BB /* Info.plist */ = {isa = PBXFileReference; lastKnownFileType = text.plist.xml; path = Info.plist; sourceTree = "<group>"; };
		4B27CBBF2238040C00AF42BB /* Normalizer.swift */ = {isa = PBXFileReference; lastKnownFileType = sourcecode.swift; path = Normalizer.swift; sourceTree = "<group>"; };
		4B27CBC02238040D00AF42BB /* ChartView.swift */ = {isa = PBXFileReference; lastKnownFileType = sourcecode.swift; path = ChartView.swift; sourceTree = "<group>"; };
		4B27CBC72238045D00AF42BB /* chart_data.json */ = {isa = PBXFileReference; fileEncoding = 4; lastKnownFileType = text.json; path = chart_data.json; sourceTree = "<group>"; };
		4B2C064A22390A92008B2D69 /* SizeNormalizer.swift */ = {isa = PBXFileReference; lastKnownFileType = sourcecode.swift; path = SizeNormalizer.swift; sourceTree = "<group>"; };
		4B2C065022391B1A008B2D69 /* Array+CGFloat.swift */ = {isa = PBXFileReference; lastKnownFileType = sourcecode.swift; path = "Array+CGFloat.swift"; sourceTree = "<group>"; };
		4B2C065322391C20008B2D69 /* LineLayer.swift */ = {isa = PBXFileReference; lastKnownFileType = sourcecode.swift; path = LineLayer.swift; sourceTree = "<group>"; };
		4B2C06552239201D008B2D69 /* Array+CGPoint.swift */ = {isa = PBXFileReference; lastKnownFileType = sourcecode.swift; path = "Array+CGPoint.swift"; sourceTree = "<group>"; };
		4B2C06572239202C008B2D69 /* Array+Values.swift */ = {isa = PBXFileReference; lastKnownFileType = sourcecode.swift; path = "Array+Values.swift"; sourceTree = "<group>"; };
		4B2C065922392196008B2D69 /* zipInto.swift */ = {isa = PBXFileReference; lastKnownFileType = sourcecode.swift; path = zipInto.swift; sourceTree = "<group>"; };
		4B2C065C22392A1E008B2D69 /* Line.swift */ = {isa = PBXFileReference; lastKnownFileType = sourcecode.swift; path = Line.swift; sourceTree = "<group>"; };
		4B2C066022392A4B008B2D69 /* Typealiases.swift */ = {isa = PBXFileReference; lastKnownFileType = sourcecode.swift; path = Typealiases.swift; sourceTree = "<group>"; };
		4B2C066222392AF1008B2D69 /* LineChartLayer.swift */ = {isa = PBXFileReference; lastKnownFileType = sourcecode.swift; path = LineChartLayer.swift; sourceTree = "<group>"; };
		4B2C06662239364B008B2D69 /* CATransaction+Animate.swift */ = {isa = PBXFileReference; lastKnownFileType = sourcecode.swift; path = "CATransaction+Animate.swift"; sourceTree = "<group>"; };
		4B2CF8D3224385BD003AC627 /* ThemeColors.swift */ = {isa = PBXFileReference; lastKnownFileType = sourcecode.swift; path = ThemeColors.swift; sourceTree = "<group>"; };
		4B2CF8D522438674003AC627 /* PredefinedThemeColors.swift */ = {isa = PBXFileReference; lastKnownFileType = sourcecode.swift; path = PredefinedThemeColors.swift; sourceTree = "<group>"; };
		4B2CF8D922438884003AC627 /* ThemeManager.swift */ = {isa = PBXFileReference; lastKnownFileType = sourcecode.swift; path = ThemeManager.swift; sourceTree = "<group>"; };
		4B2CF8DB22438AD3003AC627 /* Theme.swift */ = {isa = PBXFileReference; lastKnownFileType = sourcecode.swift; path = Theme.swift; sourceTree = "<group>"; };
		4B5E11742242208800F53886 /* VerticalLineLayer.swift */ = {isa = PBXFileReference; lastKnownFileType = sourcecode.swift; path = VerticalLineLayer.swift; sourceTree = "<group>"; };
		4B5E117722424B9C00F53886 /* PannableChartView.swift */ = {isa = PBXFileReference; lastKnownFileType = sourcecode.swift; path = PannableChartView.swift; sourceTree = "<group>"; };
		4B5E117922424BA700F53886 /* ChartInfoView.swift */ = {isa = PBXFileReference; lastKnownFileType = sourcecode.swift; path = ChartInfoView.swift; sourceTree = "<group>"; };
		4B5E117B22427D0400F53886 /* Optional+Try.swift */ = {isa = PBXFileReference; lastKnownFileType = sourcecode.swift; path = "Optional+Try.swift"; sourceTree = "<group>"; };
		4B5E117D2242D87F00F53886 /* StatisticsViewController.swift */ = {isa = PBXFileReference; lastKnownFileType = sourcecode.swift; path = StatisticsViewController.swift; sourceTree = "<group>"; };
		4B7B3F3B223E4E85009C9BA8 /* libUtils.a */ = {isa = PBXFileReference; explicitFileType = archive.ar; includeInIndex = 0; path = libUtils.a; sourceTree = BUILT_PRODUCTS_DIR; };
		4B96E272223F8A0D000953C3 /* GridLayer.swift */ = {isa = PBXFileReference; lastKnownFileType = sourcecode.swift; path = GridLayer.swift; sourceTree = "<group>"; };
		4B96E274223F8E90000953C3 /* Segment.swift */ = {isa = PBXFileReference; lastKnownFileType = sourcecode.swift; path = Segment.swift; sourceTree = "<group>"; };
		4B96E276223F9D45000953C3 /* AppCoordinator.swift */ = {isa = PBXFileReference; lastKnownFileType = sourcecode.swift; path = AppCoordinator.swift; sourceTree = "<group>"; };
		4B96E27C223FC328000953C3 /* DetailedChartView.swift */ = {isa = PBXFileReference; lastKnownFileType = sourcecode.swift; path = DetailedChartView.swift; sourceTree = "<group>"; };
		4B96E281223FC8C6000953C3 /* Datasource.swift */ = {isa = PBXFileReference; lastKnownFileType = sourcecode.swift; path = Datasource.swift; sourceTree = "<group>"; };
		4B96E283223FC8DF000953C3 /* Delegate.swift */ = {isa = PBXFileReference; lastKnownFileType = sourcecode.swift; path = Delegate.swift; sourceTree = "<group>"; };
		4B96E285223FC9F8000953C3 /* CellProps.swift */ = {isa = PBXFileReference; lastKnownFileType = sourcecode.swift; path = CellProps.swift; sourceTree = "<group>"; };
		4B96E287223FCAE9000953C3 /* UIImage+Color.swift */ = {isa = PBXFileReference; lastKnownFileType = sourcecode.swift; path = "UIImage+Color.swift"; sourceTree = "<group>"; };
		4B96E289223FCDAD000953C3 /* Variable.swift */ = {isa = PBXFileReference; lastKnownFileType = sourcecode.swift; path = Variable.swift; sourceTree = "<group>"; };
		4B96E28B223FCDF5000953C3 /* Closure.swift */ = {isa = PBXFileReference; lastKnownFileType = sourcecode.swift; path = Closure.swift; sourceTree = "<group>"; };
		4B96E28D223FD37A000953C3 /* Bool+Toggle.swift */ = {isa = PBXFileReference; lastKnownFileType = sourcecode.swift; path = "Bool+Toggle.swift"; sourceTree = "<group>"; };
		4B96E28F223FE508000953C3 /* AutoSizableTableView.swift */ = {isa = PBXFileReference; lastKnownFileType = sourcecode.swift; path = AutoSizableTableView.swift; sourceTree = "<group>"; };
		4BA9598A223691FB005609C6 /* Dataset.swift */ = {isa = PBXFileReference; lastKnownFileType = sourcecode.swift; path = Dataset.swift; sourceTree = "<group>"; };
		4BA9598C22369303005609C6 /* DatasetJSONParser.swift */ = {isa = PBXFileReference; lastKnownFileType = sourcecode.swift; path = DatasetJSONParser.swift; sourceTree = "<group>"; };
		4BA959902236ABCA005609C6 /* Result.swift */ = {isa = PBXFileReference; lastKnownFileType = sourcecode.swift; path = Result.swift; sourceTree = "<group>"; };
		4BDF4AFF2241193200FF6ADD /* YLabelsLayer.swift */ = {isa = PBXFileReference; lastKnownFileType = sourcecode.swift; path = YLabelsLayer.swift; sourceTree = "<group>"; };
		4BDF4B012241244A00FF6ADD /* XLabelsLayer.swift */ = {isa = PBXFileReference; lastKnownFileType = sourcecode.swift; path = XLabelsLayer.swift; sourceTree = "<group>"; };
		4BFBEFCC223A7EB900F2DE99 /* UIColor+Hex.swift */ = {isa = PBXFileReference; lastKnownFileType = sourcecode.swift; path = "UIColor+Hex.swift"; sourceTree = "<group>"; };
		4BFBEFCF223A848000F2DE99 /* ChartScrollView.swift */ = {isa = PBXFileReference; lastKnownFileType = sourcecode.swift; path = ChartScrollView.swift; sourceTree = "<group>"; };
		4BFBEFD1223A870400F2DE99 /* View.swift */ = {isa = PBXFileReference; lastKnownFileType = sourcecode.swift; path = View.swift; sourceTree = "<group>"; };
		4BFBEFD3223A8C0800F2DE99 /* UIView+Constraints.swift */ = {isa = PBXFileReference; lastKnownFileType = sourcecode.swift; path = "UIView+Constraints.swift"; sourceTree = "<group>"; };
		4BFBEFD5223A8DE600F2DE99 /* ExpandableSliderView.swift */ = {isa = PBXFileReference; lastKnownFileType = sourcecode.swift; path = ExpandableSliderView.swift; sourceTree = "<group>"; };
		4BFBEFD7223A8E0100F2DE99 /* HandlerView.swift */ = {isa = PBXFileReference; lastKnownFileType = sourcecode.swift; path = HandlerView.swift; sourceTree = "<group>"; };
		4BFBEFD9223A92D300F2DE99 /* Views.playground */ = {isa = PBXFileReference; lastKnownFileType = file.playground; path = Views.playground; sourceTree = "<group>"; xcLanguageSpecificationIdentifier = xcode.lang.swift; };
		4BFC626322412F5F004C79E5 /* CATextLayer+Label.swift */ = {isa = PBXFileReference; lastKnownFileType = sourcecode.swift; path = "CATextLayer+Label.swift"; sourceTree = "<group>"; };
		4C4BE008E1C011FDEAC735A7 /* Pods-iChartsDemo.release.xcconfig */ = {isa = PBXFileReference; includeInIndex = 1; lastKnownFileType = text.xcconfig; name = "Pods-iChartsDemo.release.xcconfig"; path = "Target Support Files/Pods-iChartsDemo/Pods-iChartsDemo.release.xcconfig"; sourceTree = "<group>"; };
		E4DABBC55A9819878899FE69 /* libPods-iChartsDemo.a */ = {isa = PBXFileReference; explicitFileType = archive.ar; includeInIndex = 0; path = "libPods-iChartsDemo.a"; sourceTree = BUILT_PRODUCTS_DIR; };
		FA2CBB7C24F5AB88FDDBE3FE /* Pods-iChartsDemo.debug.xcconfig */ = {isa = PBXFileReference; includeInIndex = 1; lastKnownFileType = text.xcconfig; name = "Pods-iChartsDemo.debug.xcconfig"; path = "Target Support Files/Pods-iChartsDemo/Pods-iChartsDemo.debug.xcconfig"; sourceTree = "<group>"; };
/* End PBXFileReference section */

/* Begin PBXFrameworksBuildPhase section */
		4B19582F223687C600C32C76 /* Frameworks */ = {
			isa = PBXFrameworksBuildPhase;
			buildActionMask = 2147483647;
			files = (
				4B7B3F44223E4EB0009C9BA8 /* libUtils.a in Frameworks */,
				4B27CBB62238040400AF42BB /* iCharts.framework in Frameworks */,
				F0A47AF72E29F21B72DC6731 /* libPods-iChartsDemo.a in Frameworks */,
			);
			runOnlyForDeploymentPostprocessing = 0;
		};
		4B27CB9E2238040300AF42BB /* Frameworks */ = {
			isa = PBXFrameworksBuildPhase;
			buildActionMask = 2147483647;
			files = (
				4B7B3F45223E4EC5009C9BA8 /* libUtils.a in Frameworks */,
			);
			runOnlyForDeploymentPostprocessing = 0;
		};
		4B27CBA62238040300AF42BB /* Frameworks */ = {
			isa = PBXFrameworksBuildPhase;
			buildActionMask = 2147483647;
			files = (
				4B27CBAA2238040300AF42BB /* iCharts.framework in Frameworks */,
			);
			runOnlyForDeploymentPostprocessing = 0;
		};
		4B7B3F38223E4E85009C9BA8 /* Frameworks */ = {
			isa = PBXFrameworksBuildPhase;
			buildActionMask = 2147483647;
			files = (
			);
			runOnlyForDeploymentPostprocessing = 0;
		};
/* End PBXFrameworksBuildPhase section */

/* Begin PBXGroup section */
		4B195829223687C600C32C76 = {
			isa = PBXGroup;
			children = (
				4B27CBC52238045D00AF42BB /* Shared */,
				4B195834223687C600C32C76 /* iChartsDemo */,
				4B27CBA22238040300AF42BB /* iCharts */,
				4B27CBAF2238040300AF42BB /* iChartsTests */,
				4B7B3F3C223E4E85009C9BA8 /* Utils */,
				4B195833223687C600C32C76 /* Products */,
				5F787D8EC4C6B4A0DAF03DFA /* Pods */,
				CB3207A0EEF01CC337920F78 /* Frameworks */,
			);
			sourceTree = "<group>";
		};
		4B195833223687C600C32C76 /* Products */ = {
			isa = PBXGroup;
			children = (
				4B195832223687C600C32C76 /* iChartsDemo.app */,
				4B27CBA12238040300AF42BB /* iCharts.framework */,
				4B27CBA92238040300AF42BB /* iChartsTests.xctest */,
				4B7B3F3B223E4E85009C9BA8 /* libUtils.a */,
			);
			name = Products;
			sourceTree = "<group>";
		};
		4B195834223687C600C32C76 /* iChartsDemo */ = {
			isa = PBXGroup;
			children = (
				4BA95989223691E3005609C6 /* Services */,
				4BA9598622368F20005609C6 /* Resources */,
				4B195835223687C600C32C76 /* AppDelegate.swift */,
				4B19583E223687C700C32C76 /* LaunchScreen.storyboard */,
				4B195841223687C700C32C76 /* Info.plist */,
				4B96E276223F9D45000953C3 /* AppCoordinator.swift */,
				4B5E117D2242D87F00F53886 /* StatisticsViewController.swift */,
			);
			path = iChartsDemo;
			sourceTree = "<group>";
		};
		4B27CBA22238040300AF42BB /* iCharts */ = {
			isa = PBXGroup;
			children = (
				4BFBEFCE223A846900F2DE99 /* Views */,
				4B2C06642239361E008B2D69 /* Extensions */,
				4B2C065B22392A16008B2D69 /* Models */,
				4B2C065222391C13008B2D69 /* Layers */,
				4B2C064922390A7C008B2D69 /* Normalizer */,
				4B27CBA32238040300AF42BB /* iCharts.h */,
				4B27CBA42238040300AF42BB /* Info.plist */,
			);
			path = iCharts;
			sourceTree = "<group>";
		};
		4B27CBAF2238040300AF42BB /* iChartsTests */ = {
			isa = PBXGroup;
			children = (
				4B27CBB02238040300AF42BB /* iChartsTests.swift */,
				4B27CBB22238040400AF42BB /* Info.plist */,
			);
			path = iChartsTests;
			sourceTree = "<group>";
		};
		4B27CBC52238045D00AF42BB /* Shared */ = {
			isa = PBXGroup;
			children = (
				4B27CBC62238045D00AF42BB /* Resources */,
			);
			path = Shared;
			sourceTree = "<group>";
		};
		4B27CBC62238045D00AF42BB /* Resources */ = {
			isa = PBXGroup;
			children = (
				4B27CBC72238045D00AF42BB /* chart_data.json */,
			);
			path = Resources;
			sourceTree = "<group>";
		};
		4B2C064922390A7C008B2D69 /* Normalizer */ = {
			isa = PBXGroup;
			children = (
				4B27CBBF2238040C00AF42BB /* Normalizer.swift */,
				4B2C064A22390A92008B2D69 /* SizeNormalizer.swift */,
			);
			path = Normalizer;
			sourceTree = "<group>";
		};
		4B2C065222391C13008B2D69 /* Layers */ = {
			isa = PBXGroup;
			children = (
				4BFC626322412F5F004C79E5 /* CATextLayer+Label.swift */,
				4B96E272223F8A0D000953C3 /* GridLayer.swift */,
				4B2C066222392AF1008B2D69 /* LineChartLayer.swift */,
				4B2C065322391C20008B2D69 /* LineLayer.swift */,
				4B5E11742242208800F53886 /* VerticalLineLayer.swift */,
				4BDF4B012241244A00FF6ADD /* XLabelsLayer.swift */,
				4BDF4AFF2241193200FF6ADD /* YLabelsLayer.swift */,
			);
			path = Layers;
			sourceTree = "<group>";
		};
		4B2C065B22392A16008B2D69 /* Models */ = {
			isa = PBXGroup;
			children = (
				4B2C065C22392A1E008B2D69 /* Line.swift */,
				4B2C066022392A4B008B2D69 /* Typealiases.swift */,
			);
			path = Models;
			sourceTree = "<group>";
		};
		4B2C06642239361E008B2D69 /* Extensions */ = {
			isa = PBXGroup;
			children = (
				4B96E279223FA717000953C3 /* Swift Standard Library */,
				4B96E278223FA70A000953C3 /* CoreGraphics */,
				4BFBEFCB223A7EAE00F2DE99 /* UIKit */,
				4B2C066522393636008B2D69 /* QuartzCore */,
			);
			path = Extensions;
			sourceTree = "<group>";
		};
		4B2C066522393636008B2D69 /* QuartzCore */ = {
			isa = PBXGroup;
			children = (
				4B2C06662239364B008B2D69 /* CATransaction+Animate.swift */,
			);
			path = QuartzCore;
			sourceTree = "<group>";
		};
		4B2CF8A622438253003AC627 /* ThemeManager */ = {
			isa = PBXGroup;
			children = (
				4B2CF8DD22438AD7003AC627 /* Colors */,
				4B2CF8D922438884003AC627 /* ThemeManager.swift */,
				4B2CF8DB22438AD3003AC627 /* Theme.swift */,
			);
			path = ThemeManager;
			sourceTree = "<group>";
		};
		4B2CF8DD22438AD7003AC627 /* Colors */ = {
			isa = PBXGroup;
			children = (
				4B2CF8D3224385BD003AC627 /* ThemeColors.swift */,
				4B2CF8D522438674003AC627 /* PredefinedThemeColors.swift */,
			);
			path = Colors;
			sourceTree = "<group>";
		};
		4B5E117622424B8A00F53886 /* PannableChartView */ = {
			isa = PBXGroup;
			children = (
				4B5E117722424B9C00F53886 /* PannableChartView.swift */,
				4B5E117922424BA700F53886 /* ChartInfoView.swift */,
			);
			path = PannableChartView;
			sourceTree = "<group>";
		};
		4B5E117F2242D8EA00F53886 /* Views */ = {
			isa = PBXGroup;
			children = (
				4B96E28F223FE508000953C3 /* AutoSizableTableView.swift */,
			);
			path = Views;
			sourceTree = "<group>";
		};
		4B7B3F3C223E4E85009C9BA8 /* Utils */ = {
			isa = PBXGroup;
			children = (
				4B5E117F2242D8EA00F53886 /* Views */,
				4BA959902236ABCA005609C6 /* Result.swift */,
				4B96E274223F8E90000953C3 /* Segment.swift */,
				4B96E289223FCDAD000953C3 /* Variable.swift */,
				4B96E28B223FCDF5000953C3 /* Closure.swift */,
			);
			path = Utils;
			sourceTree = "<group>";
		};
		4B96E278223FA70A000953C3 /* CoreGraphics */ = {
			isa = PBXGroup;
			children = (
				4B2C065022391B1A008B2D69 /* Array+CGFloat.swift */,
				4B2C06552239201D008B2D69 /* Array+CGPoint.swift */,
			);
			path = CoreGraphics;
			sourceTree = "<group>";
		};
		4B96E279223FA717000953C3 /* Swift Standard Library */ = {
			isa = PBXGroup;
			children = (
				4B2C06572239202C008B2D69 /* Array+Values.swift */,
				4B2C065922392196008B2D69 /* zipInto.swift */,
				4B96E28D223FD37A000953C3 /* Bool+Toggle.swift */,
				4B5E117B22427D0400F53886 /* Optional+Try.swift */,
			);
			path = "Swift Standard Library";
			sourceTree = "<group>";
		};
		4B96E27E223FC47A000953C3 /* Charts */ = {
			isa = PBXGroup;
			children = (
				4B5E117622424B8A00F53886 /* PannableChartView */,
				4B96E280223FC8B5000953C3 /* DetailedChartView */,
				4B27CBC02238040D00AF42BB /* ChartView.swift */,
				4BFBEFCF223A848000F2DE99 /* ChartScrollView.swift */,
			);
			path = Charts;
			sourceTree = "<group>";
		};
		4B96E27F223FC47F000953C3 /* Components */ = {
			isa = PBXGroup;
			children = (
				4BFBEFD5223A8DE600F2DE99 /* ExpandableSliderView.swift */,
				4BFBEFD7223A8E0100F2DE99 /* HandlerView.swift */,
			);
			path = Components;
			sourceTree = "<group>";
		};
		4B96E280223FC8B5000953C3 /* DetailedChartView */ = {
			isa = PBXGroup;
			children = (
				4B96E27C223FC328000953C3 /* DetailedChartView.swift */,
				4B96E281223FC8C6000953C3 /* Datasource.swift */,
				4B96E283223FC8DF000953C3 /* Delegate.swift */,
				4B96E285223FC9F8000953C3 /* CellProps.swift */,
			);
			path = DetailedChartView;
			sourceTree = "<group>";
		};
		4BA9598622368F20005609C6 /* Resources */ = {
			isa = PBXGroup;
			children = (
				4B19583C223687C700C32C76 /* Assets.xcassets */,
			);
			path = Resources;
			sourceTree = "<group>";
		};
		4BA95989223691E3005609C6 /* Services */ = {
			isa = PBXGroup;
			children = (
				4B2CF8A622438253003AC627 /* ThemeManager */,
				4BA9598E223693D4005609C6 /* DatasetJSONParser */,
			);
			path = Services;
			sourceTree = "<group>";
		};
		4BA9598E223693D4005609C6 /* DatasetJSONParser */ = {
			isa = PBXGroup;
			children = (
				4BA9598A223691FB005609C6 /* Dataset.swift */,
				4BA9598C22369303005609C6 /* DatasetJSONParser.swift */,
			);
			path = DatasetJSONParser;
			sourceTree = "<group>";
		};
		4BFBEFCB223A7EAE00F2DE99 /* UIKit */ = {
			isa = PBXGroup;
			children = (
				4BFBEFCC223A7EB900F2DE99 /* UIColor+Hex.swift */,
				4BFBEFD3223A8C0800F2DE99 /* UIView+Constraints.swift */,
				4B96E287223FCAE9000953C3 /* UIImage+Color.swift */,
			);
			path = UIKit;
			sourceTree = "<group>";
		};
		4BFBEFCE223A846900F2DE99 /* Views */ = {
			isa = PBXGroup;
			children = (
				4B96E27E223FC47A000953C3 /* Charts */,
				4B96E27F223FC47F000953C3 /* Components */,
				4BFBEFD1223A870400F2DE99 /* View.swift */,
				4BFBEFD9223A92D300F2DE99 /* Views.playground */,
			);
			path = Views;
			sourceTree = "<group>";
		};
		5F787D8EC4C6B4A0DAF03DFA /* Pods */ = {
			isa = PBXGroup;
			children = (
				FA2CBB7C24F5AB88FDDBE3FE /* Pods-iChartsDemo.debug.xcconfig */,
				4C4BE008E1C011FDEAC735A7 /* Pods-iChartsDemo.release.xcconfig */,
			);
			path = Pods;
			sourceTree = "<group>";
		};
		CB3207A0EEF01CC337920F78 /* Frameworks */ = {
			isa = PBXGroup;
			children = (
				E4DABBC55A9819878899FE69 /* libPods-iChartsDemo.a */,
			);
			name = Frameworks;
			sourceTree = "<group>";
		};
/* End PBXGroup section */

/* Begin PBXHeadersBuildPhase section */
		4B27CB9C2238040300AF42BB /* Headers */ = {
			isa = PBXHeadersBuildPhase;
			buildActionMask = 2147483647;
			files = (
				4B27CBB32238040400AF42BB /* iCharts.h in Headers */,
			);
			runOnlyForDeploymentPostprocessing = 0;
		};
/* End PBXHeadersBuildPhase section */

/* Begin PBXNativeTarget section */
		4B195831223687C600C32C76 /* iChartsDemo */ = {
			isa = PBXNativeTarget;
			buildConfigurationList = 4B195844223687C700C32C76 /* Build configuration list for PBXNativeTarget "iChartsDemo" */;
			buildPhases = (
				89967BE72F79B30650836E48 /* [CP] Check Pods Manifest.lock */,
				4B19582E223687C600C32C76 /* Sources */,
				4B19582F223687C600C32C76 /* Frameworks */,
				4B195830223687C600C32C76 /* Resources */,
				4B27CBBD2238040400AF42BB /* Embed Frameworks */,
			);
			buildRules = (
			);
			dependencies = (
				4B7B3F43223E4E9D009C9BA8 /* PBXTargetDependency */,
				4B27CBB52238040400AF42BB /* PBXTargetDependency */,
			);
			name = iChartsDemo;
			productName = iChartsDemo;
			productReference = 4B195832223687C600C32C76 /* iChartsDemo.app */;
			productType = "com.apple.product-type.application";
		};
		4B27CBA02238040300AF42BB /* iCharts */ = {
			isa = PBXNativeTarget;
			buildConfigurationList = 4B27CBBC2238040400AF42BB /* Build configuration list for PBXNativeTarget "iCharts" */;
			buildPhases = (
				4B27CB9C2238040300AF42BB /* Headers */,
				4B27CB9D2238040300AF42BB /* Sources */,
				4B27CB9E2238040300AF42BB /* Frameworks */,
				4B27CB9F2238040300AF42BB /* Resources */,
			);
			buildRules = (
			);
			dependencies = (
				4B7B3F47223E4EC9009C9BA8 /* PBXTargetDependency */,
			);
			name = iCharts;
			productName = iCharts;
			productReference = 4B27CBA12238040300AF42BB /* iCharts.framework */;
			productType = "com.apple.product-type.framework";
		};
		4B27CBA82238040300AF42BB /* iChartsTests */ = {
			isa = PBXNativeTarget;
			buildConfigurationList = 4B27CBBE2238040400AF42BB /* Build configuration list for PBXNativeTarget "iChartsTests" */;
			buildPhases = (
				4B27CBA52238040300AF42BB /* Sources */,
				4B27CBA62238040300AF42BB /* Frameworks */,
				4B27CBA72238040300AF42BB /* Resources */,
			);
			buildRules = (
			);
			dependencies = (
				4B27CBAC2238040300AF42BB /* PBXTargetDependency */,
				4B27CBAE2238040300AF42BB /* PBXTargetDependency */,
			);
			name = iChartsTests;
			productName = iChartsTests;
			productReference = 4B27CBA92238040300AF42BB /* iChartsTests.xctest */;
			productType = "com.apple.product-type.bundle.unit-test";
		};
		4B7B3F3A223E4E85009C9BA8 /* Utils */ = {
			isa = PBXNativeTarget;
			buildConfigurationList = 4B7B3F41223E4E85009C9BA8 /* Build configuration list for PBXNativeTarget "Utils" */;
			buildPhases = (
				4B7B3F37223E4E85009C9BA8 /* Sources */,
				4B7B3F38223E4E85009C9BA8 /* Frameworks */,
				4B7B3F39223E4E85009C9BA8 /* CopyFiles */,
			);
			buildRules = (
			);
			dependencies = (
			);
			name = Utils;
			productName = Utils;
			productReference = 4B7B3F3B223E4E85009C9BA8 /* libUtils.a */;
			productType = "com.apple.product-type.library.static";
		};
/* End PBXNativeTarget section */

/* Begin PBXProject section */
		4B19582A223687C600C32C76 /* Project object */ = {
			isa = PBXProject;
			attributes = {
				LastSwiftUpdateCheck = 1010;
				LastUpgradeCheck = 1010;
				ORGANIZATIONNAME = "Volodymyr Hryhoriev";
				TargetAttributes = {
					4B195831223687C600C32C76 = {
						CreatedOnToolsVersion = 10.1;
					};
					4B27CBA02238040300AF42BB = {
						CreatedOnToolsVersion = 10.1;
					};
					4B27CBA82238040300AF42BB = {
						CreatedOnToolsVersion = 10.1;
						TestTargetID = 4B195831223687C600C32C76;
					};
					4B7B3F3A223E4E85009C9BA8 = {
						CreatedOnToolsVersion = 10.1;
					};
				};
			};
			buildConfigurationList = 4B19582D223687C600C32C76 /* Build configuration list for PBXProject "iChartsDemo" */;
			compatibilityVersion = "Xcode 9.3";
			developmentRegion = en;
			hasScannedForEncodings = 0;
			knownRegions = (
				en,
				Base,
			);
			mainGroup = 4B195829223687C600C32C76;
			productRefGroup = 4B195833223687C600C32C76 /* Products */;
			projectDirPath = "";
			projectRoot = "";
			targets = (
				4B195831223687C600C32C76 /* iChartsDemo */,
				4B27CBA02238040300AF42BB /* iCharts */,
				4B27CBA82238040300AF42BB /* iChartsTests */,
				4B7B3F3A223E4E85009C9BA8 /* Utils */,
			);
		};
/* End PBXProject section */

/* Begin PBXResourcesBuildPhase section */
		4B195830223687C600C32C76 /* Resources */ = {
			isa = PBXResourcesBuildPhase;
			buildActionMask = 2147483647;
			files = (
				4B195840223687C700C32C76 /* LaunchScreen.storyboard in Resources */,
				4B19583D223687C700C32C76 /* Assets.xcassets in Resources */,
				4B27CBC82238045E00AF42BB /* chart_data.json in Resources */,
			);
			runOnlyForDeploymentPostprocessing = 0;
		};
		4B27CB9F2238040300AF42BB /* Resources */ = {
			isa = PBXResourcesBuildPhase;
			buildActionMask = 2147483647;
			files = (
				4B27CBC92238045E00AF42BB /* chart_data.json in Resources */,
			);
			runOnlyForDeploymentPostprocessing = 0;
		};
		4B27CBA72238040300AF42BB /* Resources */ = {
			isa = PBXResourcesBuildPhase;
			buildActionMask = 2147483647;
			files = (
			);
			runOnlyForDeploymentPostprocessing = 0;
		};
/* End PBXResourcesBuildPhase section */

/* Begin PBXShellScriptBuildPhase section */
		89967BE72F79B30650836E48 /* [CP] Check Pods Manifest.lock */ = {
			isa = PBXShellScriptBuildPhase;
			buildActionMask = 2147483647;
			files = (
			);
			inputFileListPaths = (
			);
			inputPaths = (
				"${PODS_PODFILE_DIR_PATH}/Podfile.lock",
				"${PODS_ROOT}/Manifest.lock",
			);
			name = "[CP] Check Pods Manifest.lock";
			outputFileListPaths = (
			);
			outputPaths = (
				"$(DERIVED_FILE_DIR)/Pods-iChartsDemo-checkManifestLockResult.txt",
			);
			runOnlyForDeploymentPostprocessing = 0;
			shellPath = /bin/sh;
			shellScript = "diff \"${PODS_PODFILE_DIR_PATH}/Podfile.lock\" \"${PODS_ROOT}/Manifest.lock\" > /dev/null\nif [ $? != 0 ] ; then\n    # print error to STDERR\n    echo \"error: The sandbox is not in sync with the Podfile.lock. Run 'pod install' or update your CocoaPods installation.\" >&2\n    exit 1\nfi\n# This output is used by Xcode 'outputs' to avoid re-running this script phase.\necho \"SUCCESS\" > \"${SCRIPT_OUTPUT_FILE_0}\"\n";
			showEnvVarsInLog = 0;
		};
/* End PBXShellScriptBuildPhase section */

/* Begin PBXSourcesBuildPhase section */
		4B19582E223687C600C32C76 /* Sources */ = {
			isa = PBXSourcesBuildPhase;
			buildActionMask = 2147483647;
			files = (
				4B2CF8DC22438AD3003AC627 /* Theme.swift in Sources */,
				4B2CF8D622438674003AC627 /* PredefinedThemeColors.swift in Sources */,
				4B5E117E2242D87F00F53886 /* StatisticsViewController.swift in Sources */,
				4B195836223687C600C32C76 /* AppDelegate.swift in Sources */,
				4B2CF8DA22438884003AC627 /* ThemeManager.swift in Sources */,
				4B96E277223F9D45000953C3 /* AppCoordinator.swift in Sources */,
				4B2CF8D4224385BD003AC627 /* ThemeColors.swift in Sources */,
				4BA9598B223691FB005609C6 /* Dataset.swift in Sources */,
				4BA9598F2236941D005609C6 /* DatasetJSONParser.swift in Sources */,
			);
			runOnlyForDeploymentPostprocessing = 0;
		};
		4B27CB9D2238040300AF42BB /* Sources */ = {
			isa = PBXSourcesBuildPhase;
			buildActionMask = 2147483647;
			files = (
				4B2C06582239202C008B2D69 /* Array+Values.swift in Sources */,
				4B96E273223F8A0D000953C3 /* GridLayer.swift in Sources */,
				4B96E288223FCAE9000953C3 /* UIImage+Color.swift in Sources */,
				4B2C065122391B1A008B2D69 /* Array+CGFloat.swift in Sources */,
				4B2C064B22390A92008B2D69 /* SizeNormalizer.swift in Sources */,
				4B96E27D223FC328000953C3 /* DetailedChartView.swift in Sources */,
				4B96E282223FC8C6000953C3 /* Datasource.swift in Sources */,
				4BFBEFD0223A848000F2DE99 /* ChartScrollView.swift in Sources */,
				4B2C06672239364B008B2D69 /* CATransaction+Animate.swift in Sources */,
				4BFBEFD6223A8DE600F2DE99 /* ExpandableSliderView.swift in Sources */,
				4B2C066322392AF1008B2D69 /* LineChartLayer.swift in Sources */,
				4B2C06562239201D008B2D69 /* Array+CGPoint.swift in Sources */,
				4BFBEFCD223A7EB900F2DE99 /* UIColor+Hex.swift in Sources */,
				4B27CBC12238040D00AF42BB /* Normalizer.swift in Sources */,
				4B96E284223FC8DF000953C3 /* Delegate.swift in Sources */,
				4B5E117A22424BA700F53886 /* ChartInfoView.swift in Sources */,
				4B5E11752242208800F53886 /* VerticalLineLayer.swift in Sources */,
				4BDF4B022241244A00FF6ADD /* XLabelsLayer.swift in Sources */,
				4B2C065422391C20008B2D69 /* LineLayer.swift in Sources */,
				4B2C066122392A4B008B2D69 /* Typealiases.swift in Sources */,
				4BFBEFD2223A870400F2DE99 /* View.swift in Sources */,
				4B96E28E223FD37A000953C3 /* Bool+Toggle.swift in Sources */,
				4B5E117C22427D0400F53886 /* Optional+Try.swift in Sources */,
				4BFC626422412F5F004C79E5 /* CATextLayer+Label.swift in Sources */,
				4B27CBC22238040D00AF42BB /* ChartView.swift in Sources */,
				4BFBEFD4223A8C0800F2DE99 /* UIView+Constraints.swift in Sources */,
				4B5E117822424B9C00F53886 /* PannableChartView.swift in Sources */,
				4BFBEFD8223A8E0100F2DE99 /* HandlerView.swift in Sources */,
				4B96E286223FC9F8000953C3 /* CellProps.swift in Sources */,
				4B2C065D22392A1E008B2D69 /* Line.swift in Sources */,
				4BDF4B002241193200FF6ADD /* YLabelsLayer.swift in Sources */,
				4B2C065A22392196008B2D69 /* zipInto.swift in Sources */,
			);
			runOnlyForDeploymentPostprocessing = 0;
		};
		4B27CBA52238040300AF42BB /* Sources */ = {
			isa = PBXSourcesBuildPhase;
			buildActionMask = 2147483647;
			files = (
				4B27CBB12238040300AF42BB /* iChartsTests.swift in Sources */,
			);
			runOnlyForDeploymentPostprocessing = 0;
		};
		4B7B3F37223E4E85009C9BA8 /* Sources */ = {
			isa = PBXSourcesBuildPhase;
			buildActionMask = 2147483647;
			files = (
				4B7B3F48223E4EDE009C9BA8 /* Result.swift in Sources */,
				4B96E28C223FCDF5000953C3 /* Closure.swift in Sources */,
				4B96E28A223FCDAD000953C3 /* Variable.swift in Sources */,
				4B96E275223F8E90000953C3 /* Segment.swift in Sources */,
				4B5E11802242D91300F53886 /* AutoSizableTableView.swift in Sources */,
			);
			runOnlyForDeploymentPostprocessing = 0;
		};
/* End PBXSourcesBuildPhase section */

/* Begin PBXTargetDependency section */
		4B27CBAC2238040300AF42BB /* PBXTargetDependency */ = {
			isa = PBXTargetDependency;
			target = 4B27CBA02238040300AF42BB /* iCharts */;
			targetProxy = 4B27CBAB2238040300AF42BB /* PBXContainerItemProxy */;
		};
		4B27CBAE2238040300AF42BB /* PBXTargetDependency */ = {
			isa = PBXTargetDependency;
			target = 4B195831223687C600C32C76 /* iChartsDemo */;
			targetProxy = 4B27CBAD2238040300AF42BB /* PBXContainerItemProxy */;
		};
		4B27CBB52238040400AF42BB /* PBXTargetDependency */ = {
			isa = PBXTargetDependency;
			target = 4B27CBA02238040300AF42BB /* iCharts */;
			targetProxy = 4B27CBB42238040400AF42BB /* PBXContainerItemProxy */;
		};
		4B7B3F43223E4E9D009C9BA8 /* PBXTargetDependency */ = {
			isa = PBXTargetDependency;
			target = 4B7B3F3A223E4E85009C9BA8 /* Utils */;
			targetProxy = 4B7B3F42223E4E9D009C9BA8 /* PBXContainerItemProxy */;
		};
		4B7B3F47223E4EC9009C9BA8 /* PBXTargetDependency */ = {
			isa = PBXTargetDependency;
			target = 4B7B3F3A223E4E85009C9BA8 /* Utils */;
			targetProxy = 4B7B3F46223E4EC9009C9BA8 /* PBXContainerItemProxy */;
		};
/* End PBXTargetDependency section */

/* Begin PBXVariantGroup section */
		4B19583E223687C700C32C76 /* LaunchScreen.storyboard */ = {
			isa = PBXVariantGroup;
			children = (
				4B19583F223687C700C32C76 /* Base */,
			);
			name = LaunchScreen.storyboard;
			sourceTree = "<group>";
		};
/* End PBXVariantGroup section */

/* Begin XCBuildConfiguration section */
		4B195842223687C700C32C76 /* Debug */ = {
			isa = XCBuildConfiguration;
			buildSettings = {
				ALWAYS_SEARCH_USER_PATHS = NO;
				CLANG_ANALYZER_NONNULL = YES;
				CLANG_ANALYZER_NUMBER_OBJECT_CONVERSION = YES_AGGRESSIVE;
				CLANG_CXX_LANGUAGE_STANDARD = "gnu++14";
				CLANG_CXX_LIBRARY = "libc++";
				CLANG_ENABLE_MODULES = YES;
				CLANG_ENABLE_OBJC_ARC = YES;
				CLANG_ENABLE_OBJC_WEAK = YES;
				CLANG_WARN_BLOCK_CAPTURE_AUTORELEASING = YES;
				CLANG_WARN_BOOL_CONVERSION = YES;
				CLANG_WARN_COMMA = YES;
				CLANG_WARN_CONSTANT_CONVERSION = YES;
				CLANG_WARN_DEPRECATED_OBJC_IMPLEMENTATIONS = YES;
				CLANG_WARN_DIRECT_OBJC_ISA_USAGE = YES_ERROR;
				CLANG_WARN_DOCUMENTATION_COMMENTS = YES;
				CLANG_WARN_EMPTY_BODY = YES;
				CLANG_WARN_ENUM_CONVERSION = YES;
				CLANG_WARN_INFINITE_RECURSION = YES;
				CLANG_WARN_INT_CONVERSION = YES;
				CLANG_WARN_NON_LITERAL_NULL_CONVERSION = YES;
				CLANG_WARN_OBJC_IMPLICIT_RETAIN_SELF = YES;
				CLANG_WARN_OBJC_LITERAL_CONVERSION = YES;
				CLANG_WARN_OBJC_ROOT_CLASS = YES_ERROR;
				CLANG_WARN_RANGE_LOOP_ANALYSIS = YES;
				CLANG_WARN_STRICT_PROTOTYPES = YES;
				CLANG_WARN_SUSPICIOUS_MOVE = YES;
				CLANG_WARN_UNGUARDED_AVAILABILITY = YES_AGGRESSIVE;
				CLANG_WARN_UNREACHABLE_CODE = YES;
				CLANG_WARN__DUPLICATE_METHOD_MATCH = YES;
				CODE_SIGN_IDENTITY = "iPhone Developer";
				COPY_PHASE_STRIP = NO;
				DEBUG_INFORMATION_FORMAT = dwarf;
				ENABLE_STRICT_OBJC_MSGSEND = YES;
				ENABLE_TESTABILITY = YES;
				GCC_C_LANGUAGE_STANDARD = gnu11;
				GCC_DYNAMIC_NO_PIC = NO;
				GCC_NO_COMMON_BLOCKS = YES;
				GCC_OPTIMIZATION_LEVEL = 0;
				GCC_PREPROCESSOR_DEFINITIONS = (
					"DEBUG=1",
					"$(inherited)",
				);
				GCC_WARN_64_TO_32_BIT_CONVERSION = YES;
				GCC_WARN_ABOUT_RETURN_TYPE = YES_ERROR;
				GCC_WARN_UNDECLARED_SELECTOR = YES;
				GCC_WARN_UNINITIALIZED_AUTOS = YES_AGGRESSIVE;
				GCC_WARN_UNUSED_FUNCTION = YES;
				GCC_WARN_UNUSED_VARIABLE = YES;
				IPHONEOS_DEPLOYMENT_TARGET = 10;
				MTL_ENABLE_DEBUG_INFO = INCLUDE_SOURCE;
				MTL_FAST_MATH = YES;
				ONLY_ACTIVE_ARCH = YES;
				SDKROOT = iphoneos;
				SWIFT_ACTIVE_COMPILATION_CONDITIONS = DEBUG;
				SWIFT_OPTIMIZATION_LEVEL = "-Onone";
			};
			name = Debug;
		};
		4B195843223687C700C32C76 /* Release */ = {
			isa = XCBuildConfiguration;
			buildSettings = {
				ALWAYS_SEARCH_USER_PATHS = NO;
				CLANG_ANALYZER_NONNULL = YES;
				CLANG_ANALYZER_NUMBER_OBJECT_CONVERSION = YES_AGGRESSIVE;
				CLANG_CXX_LANGUAGE_STANDARD = "gnu++14";
				CLANG_CXX_LIBRARY = "libc++";
				CLANG_ENABLE_MODULES = YES;
				CLANG_ENABLE_OBJC_ARC = YES;
				CLANG_ENABLE_OBJC_WEAK = YES;
				CLANG_WARN_BLOCK_CAPTURE_AUTORELEASING = YES;
				CLANG_WARN_BOOL_CONVERSION = YES;
				CLANG_WARN_COMMA = YES;
				CLANG_WARN_CONSTANT_CONVERSION = YES;
				CLANG_WARN_DEPRECATED_OBJC_IMPLEMENTATIONS = YES;
				CLANG_WARN_DIRECT_OBJC_ISA_USAGE = YES_ERROR;
				CLANG_WARN_DOCUMENTATION_COMMENTS = YES;
				CLANG_WARN_EMPTY_BODY = YES;
				CLANG_WARN_ENUM_CONVERSION = YES;
				CLANG_WARN_INFINITE_RECURSION = YES;
				CLANG_WARN_INT_CONVERSION = YES;
				CLANG_WARN_NON_LITERAL_NULL_CONVERSION = YES;
				CLANG_WARN_OBJC_IMPLICIT_RETAIN_SELF = YES;
				CLANG_WARN_OBJC_LITERAL_CONVERSION = YES;
				CLANG_WARN_OBJC_ROOT_CLASS = YES_ERROR;
				CLANG_WARN_RANGE_LOOP_ANALYSIS = YES;
				CLANG_WARN_STRICT_PROTOTYPES = YES;
				CLANG_WARN_SUSPICIOUS_MOVE = YES;
				CLANG_WARN_UNGUARDED_AVAILABILITY = YES_AGGRESSIVE;
				CLANG_WARN_UNREACHABLE_CODE = YES;
				CLANG_WARN__DUPLICATE_METHOD_MATCH = YES;
				CODE_SIGN_IDENTITY = "iPhone Developer";
				COPY_PHASE_STRIP = NO;
				DEBUG_INFORMATION_FORMAT = "dwarf-with-dsym";
				ENABLE_NS_ASSERTIONS = NO;
				ENABLE_STRICT_OBJC_MSGSEND = YES;
				GCC_C_LANGUAGE_STANDARD = gnu11;
				GCC_NO_COMMON_BLOCKS = YES;
				GCC_WARN_64_TO_32_BIT_CONVERSION = YES;
				GCC_WARN_ABOUT_RETURN_TYPE = YES_ERROR;
				GCC_WARN_UNDECLARED_SELECTOR = YES;
				GCC_WARN_UNINITIALIZED_AUTOS = YES_AGGRESSIVE;
				GCC_WARN_UNUSED_FUNCTION = YES;
				GCC_WARN_UNUSED_VARIABLE = YES;
				IPHONEOS_DEPLOYMENT_TARGET = 10;
				MTL_ENABLE_DEBUG_INFO = NO;
				MTL_FAST_MATH = YES;
				SDKROOT = iphoneos;
				SWIFT_COMPILATION_MODE = wholemodule;
				SWIFT_OPTIMIZATION_LEVEL = "-O";
				VALIDATE_PRODUCT = YES;
			};
			name = Release;
		};
		4B195845223687C700C32C76 /* Debug */ = {
			isa = XCBuildConfiguration;
			baseConfigurationReference = FA2CBB7C24F5AB88FDDBE3FE /* Pods-iChartsDemo.debug.xcconfig */;
			buildSettings = {
				ALWAYS_EMBED_SWIFT_STANDARD_LIBRARIES = YES;
				ASSETCATALOG_COMPILER_APPICON_NAME = AppIcon;
				CODE_SIGN_STYLE = Manual;
				DEVELOPMENT_TEAM = MQ7UXJJ9YY;
				INFOPLIST_FILE = iChartsDemo/Info.plist;
				IPHONEOS_DEPLOYMENT_TARGET = 10;
				LD_RUNPATH_SEARCH_PATHS = (
					"$(inherited)",
					"@executable_path/Frameworks",
				);
				PRODUCT_BUNDLE_IDENTIFIER = com.specialfor.iChartsDemo;
				PRODUCT_NAME = "$(TARGET_NAME)";
				PROVISIONING_PROFILE_SPECIFIER = "charts - dev";
				SWIFT_VERSION = 4.2;
				TARGETED_DEVICE_FAMILY = "1,2";
			};
			name = Debug;
		};
		4B195846223687C700C32C76 /* Release */ = {
			isa = XCBuildConfiguration;
			baseConfigurationReference = 4C4BE008E1C011FDEAC735A7 /* Pods-iChartsDemo.release.xcconfig */;
			buildSettings = {
				ALWAYS_EMBED_SWIFT_STANDARD_LIBRARIES = YES;
				ASSETCATALOG_COMPILER_APPICON_NAME = AppIcon;
				CODE_SIGN_IDENTITY = "iPhone Distribution";
				CODE_SIGN_STYLE = Manual;
				DEVELOPMENT_TEAM = MQ7UXJJ9YY;
				INFOPLIST_FILE = iChartsDemo/Info.plist;
				IPHONEOS_DEPLOYMENT_TARGET = 10;
				LD_RUNPATH_SEARCH_PATHS = (
					"$(inherited)",
					"@executable_path/Frameworks",
				);
				PRODUCT_BUNDLE_IDENTIFIER = com.specialfor.iChartsDemo;
				PRODUCT_NAME = "$(TARGET_NAME)";
				PROVISIONING_PROFILE_SPECIFIER = "charts - appstore";
				SWIFT_VERSION = 4.2;
				TARGETED_DEVICE_FAMILY = "1,2";
			};
			name = Release;
		};
		4B27CBB82238040400AF42BB /* Debug */ = {
			isa = XCBuildConfiguration;
			buildSettings = {
				CODE_SIGN_IDENTITY = "";
				CODE_SIGN_STYLE = Automatic;
				CURRENT_PROJECT_VERSION = 1;
				DEFINES_MODULE = YES;
				DEVELOPMENT_TEAM = MQ7UXJJ9YY;
				DYLIB_COMPATIBILITY_VERSION = 1;
				DYLIB_CURRENT_VERSION = 1;
				DYLIB_INSTALL_NAME_BASE = "@rpath";
				INFOPLIST_FILE = iCharts/Info.plist;
				INSTALL_PATH = "$(LOCAL_LIBRARY_DIR)/Frameworks";
				IPHONEOS_DEPLOYMENT_TARGET = 10;
				LD_RUNPATH_SEARCH_PATHS = (
					"$(inherited)",
					"@executable_path/Frameworks",
					"@loader_path/Frameworks",
				);
				PRODUCT_BUNDLE_IDENTIFIER = com.specialfor.iCharts;
				PRODUCT_NAME = "$(TARGET_NAME:c99extidentifier)";
				SKIP_INSTALL = YES;
				SWIFT_VERSION = 4.2;
				TARGETED_DEVICE_FAMILY = "1,2";
				VERSIONING_SYSTEM = "apple-generic";
				VERSION_INFO_PREFIX = "";
			};
			name = Debug;
		};
		4B27CBB92238040400AF42BB /* Release */ = {
			isa = XCBuildConfiguration;
			buildSettings = {
				CODE_SIGN_IDENTITY = "";
				CODE_SIGN_STYLE = Automatic;
				CURRENT_PROJECT_VERSION = 1;
				DEFINES_MODULE = YES;
				DEVELOPMENT_TEAM = MQ7UXJJ9YY;
				DYLIB_COMPATIBILITY_VERSION = 1;
				DYLIB_CURRENT_VERSION = 1;
				DYLIB_INSTALL_NAME_BASE = "@rpath";
				INFOPLIST_FILE = iCharts/Info.plist;
				INSTALL_PATH = "$(LOCAL_LIBRARY_DIR)/Frameworks";
				IPHONEOS_DEPLOYMENT_TARGET = 10;
				LD_RUNPATH_SEARCH_PATHS = (
					"$(inherited)",
					"@executable_path/Frameworks",
					"@loader_path/Frameworks",
				);
				PRODUCT_BUNDLE_IDENTIFIER = com.specialfor.iCharts;
				PRODUCT_NAME = "$(TARGET_NAME:c99extidentifier)";
				SKIP_INSTALL = YES;
				SWIFT_VERSION = 4.2;
				TARGETED_DEVICE_FAMILY = "1,2";
				VERSIONING_SYSTEM = "apple-generic";
				VERSION_INFO_PREFIX = "";
			};
			name = Release;
		};
		4B27CBBA2238040400AF42BB /* Debug */ = {
			isa = XCBuildConfiguration;
			buildSettings = {
				ALWAYS_EMBED_SWIFT_STANDARD_LIBRARIES = YES;
				CODE_SIGN_STYLE = Automatic;
				DEVELOPMENT_TEAM = MQ7UXJJ9YY;
				INFOPLIST_FILE = iChartsTests/Info.plist;
				IPHONEOS_DEPLOYMENT_TARGET = 12.1;
				LD_RUNPATH_SEARCH_PATHS = (
					"$(inherited)",
					"@executable_path/Frameworks",
					"@loader_path/Frameworks",
				);
				PRODUCT_BUNDLE_IDENTIFIER = com.specialfor.iChartsTests;
				PRODUCT_NAME = "$(TARGET_NAME)";
				SWIFT_VERSION = 4.2;
				TARGETED_DEVICE_FAMILY = "1,2";
				TEST_HOST = "$(BUILT_PRODUCTS_DIR)/iChartsDemo.app/iChartsDemo";
			};
			name = Debug;
		};
		4B27CBBB2238040400AF42BB /* Release */ = {
			isa = XCBuildConfiguration;
			buildSettings = {
				ALWAYS_EMBED_SWIFT_STANDARD_LIBRARIES = YES;
				CODE_SIGN_STYLE = Automatic;
				DEVELOPMENT_TEAM = MQ7UXJJ9YY;
				INFOPLIST_FILE = iChartsTests/Info.plist;
				IPHONEOS_DEPLOYMENT_TARGET = 12.1;
				LD_RUNPATH_SEARCH_PATHS = (
					"$(inherited)",
					"@executable_path/Frameworks",
					"@loader_path/Frameworks",
				);
				PRODUCT_BUNDLE_IDENTIFIER = com.specialfor.iChartsTests;
				PRODUCT_NAME = "$(TARGET_NAME)";
				SWIFT_VERSION = 4.2;
				TARGETED_DEVICE_FAMILY = "1,2";
				TEST_HOST = "$(BUILT_PRODUCTS_DIR)/iChartsDemo.app/iChartsDemo";
			};
			name = Release;
		};
		4B7B3F3F223E4E85009C9BA8 /* Debug */ = {
			isa = XCBuildConfiguration;
			buildSettings = {
				CODE_SIGN_STYLE = Automatic;
				DEVELOPMENT_TEAM = MQ7UXJJ9YY;
				IPHONEOS_DEPLOYMENT_TARGET = 10.0;
				OTHER_LDFLAGS = "-ObjC";
				PRODUCT_NAME = "$(TARGET_NAME)";
				SKIP_INSTALL = YES;
				SWIFT_VERSION = 4.2;
				TARGETED_DEVICE_FAMILY = "1,2";
			};
			name = Debug;
		};
		4B7B3F40223E4E85009C9BA8 /* Release */ = {
			isa = XCBuildConfiguration;
			buildSettings = {
				CODE_SIGN_STYLE = Automatic;
				DEVELOPMENT_TEAM = MQ7UXJJ9YY;
				IPHONEOS_DEPLOYMENT_TARGET = 10.0;
				OTHER_LDFLAGS = "-ObjC";
				PRODUCT_NAME = "$(TARGET_NAME)";
				SKIP_INSTALL = YES;
				SWIFT_VERSION = 4.2;
				TARGETED_DEVICE_FAMILY = "1,2";
			};
			name = Release;
		};
/* End XCBuildConfiguration section */

/* Begin XCConfigurationList section */
		4B19582D223687C600C32C76 /* Build configuration list for PBXProject "iChartsDemo" */ = {
			isa = XCConfigurationList;
			buildConfigurations = (
				4B195842223687C700C32C76 /* Debug */,
				4B195843223687C700C32C76 /* Release */,
			);
			defaultConfigurationIsVisible = 0;
			defaultConfigurationName = Release;
		};
		4B195844223687C700C32C76 /* Build configuration list for PBXNativeTarget "iChartsDemo" */ = {
			isa = XCConfigurationList;
			buildConfigurations = (
				4B195845223687C700C32C76 /* Debug */,
				4B195846223687C700C32C76 /* Release */,
			);
			defaultConfigurationIsVisible = 0;
			defaultConfigurationName = Release;
		};
		4B27CBBC2238040400AF42BB /* Build configuration list for PBXNativeTarget "iCharts" */ = {
			isa = XCConfigurationList;
			buildConfigurations = (
				4B27CBB82238040400AF42BB /* Debug */,
				4B27CBB92238040400AF42BB /* Release */,
			);
			defaultConfigurationIsVisible = 0;
			defaultConfigurationName = Release;
		};
		4B27CBBE2238040400AF42BB /* Build configuration list for PBXNativeTarget "iChartsTests" */ = {
			isa = XCConfigurationList;
			buildConfigurations = (
				4B27CBBA2238040400AF42BB /* Debug */,
				4B27CBBB2238040400AF42BB /* Release */,
			);
			defaultConfigurationIsVisible = 0;
			defaultConfigurationName = Release;
		};
		4B7B3F41223E4E85009C9BA8 /* Build configuration list for PBXNativeTarget "Utils" */ = {
			isa = XCConfigurationList;
			buildConfigurations = (
				4B7B3F3F223E4E85009C9BA8 /* Debug */,
				4B7B3F40223E4E85009C9BA8 /* Release */,
			);
			defaultConfigurationIsVisible = 0;
			defaultConfigurationName = Release;
		};
/* End XCConfigurationList section */
	};
	rootObject = 4B19582A223687C600C32C76 /* Project object */;
}
