// !$*UTF8*$!
{
	archiveVersion = 1;
	classes = {
	};
	objectVersion = 50;
	objects = {

/* Begin PBXBuildFile section */
		2057D6456733C6D57CBACBA6 /* libPods-iCharts.a in Frameworks */ = {isa = PBXBuildFile; fileRef = C326C4E43E560017A329960C /* libPods-iCharts.a */; };
		4BCE4730223686F7003D0117 /* iCharts.framework in Frameworks */ = {isa = PBXBuildFile; fileRef = 4BCE4726223686F7003D0117 /* iCharts.framework */; };
		4BCE4735223686F7003D0117 /* iChartsTests.swift in Sources */ = {isa = PBXBuildFile; fileRef = 4BCE4734223686F7003D0117 /* iChartsTests.swift */; };
		4BCE4737223686F7003D0117 /* iCharts.h in Headers */ = {isa = PBXBuildFile; fileRef = 4BCE4729223686F7003D0117 /* iCharts.h */; settings = {ATTRIBUTES = (Public, ); }; };
		9750A8EB7056F972A22B3B6A /* libPods-iChartsTests.a in Frameworks */ = {isa = PBXBuildFile; fileRef = 690178712618CC3798DF1A23 /* libPods-iChartsTests.a */; };
/* End PBXBuildFile section */

/* Begin PBXContainerItemProxy section */
		4BCE4731223686F7003D0117 /* PBXContainerItemProxy */ = {
			isa = PBXContainerItemProxy;
			containerPortal = 4BCE471D223686F7003D0117 /* Project object */;
			proxyType = 1;
			remoteGlobalIDString = 4BCE4725223686F7003D0117;
			remoteInfo = iCharts;
		};
/* End PBXContainerItemProxy section */

/* Begin PBXFileReference section */
		4A12A840E7EEEDAEC3B78DEE /* Pods-iCharts.release.xcconfig */ = {isa = PBXFileReference; includeInIndex = 1; lastKnownFileType = text.xcconfig; name = "Pods-iCharts.release.xcconfig"; path = "Target Support Files/Pods-iCharts/Pods-iCharts.release.xcconfig"; sourceTree = "<group>"; };
		4BCE4726223686F7003D0117 /* iCharts.framework */ = {isa = PBXFileReference; explicitFileType = wrapper.framework; includeInIndex = 0; path = iCharts.framework; sourceTree = BUILT_PRODUCTS_DIR; };
		4BCE4729223686F7003D0117 /* iCharts.h */ = {isa = PBXFileReference; lastKnownFileType = sourcecode.c.h; path = iCharts.h; sourceTree = "<group>"; };
		4BCE472A223686F7003D0117 /* Info.plist */ = {isa = PBXFileReference; lastKnownFileType = text.plist.xml; path = Info.plist; sourceTree = "<group>"; };
		4BCE472F223686F7003D0117 /* iChartsTests.xctest */ = {isa = PBXFileReference; explicitFileType = wrapper.cfbundle; includeInIndex = 0; path = iChartsTests.xctest; sourceTree = BUILT_PRODUCTS_DIR; };
		4BCE4734223686F7003D0117 /* iChartsTests.swift */ = {isa = PBXFileReference; lastKnownFileType = sourcecode.swift; path = iChartsTests.swift; sourceTree = "<group>"; };
		4BCE4736223686F7003D0117 /* Info.plist */ = {isa = PBXFileReference; lastKnownFileType = text.plist.xml; path = Info.plist; sourceTree = "<group>"; };
		690178712618CC3798DF1A23 /* libPods-iChartsTests.a */ = {isa = PBXFileReference; explicitFileType = archive.ar; includeInIndex = 0; path = "libPods-iChartsTests.a"; sourceTree = BUILT_PRODUCTS_DIR; };
		72E77D56FDA01BB97CF36B50 /* Pods-iChartsTests.debug.xcconfig */ = {isa = PBXFileReference; includeInIndex = 1; lastKnownFileType = text.xcconfig; name = "Pods-iChartsTests.debug.xcconfig"; path = "Target Support Files/Pods-iChartsTests/Pods-iChartsTests.debug.xcconfig"; sourceTree = "<group>"; };
		9FB95A0DAC997B04969436DE /* Pods-iChartsTests.release.xcconfig */ = {isa = PBXFileReference; includeInIndex = 1; lastKnownFileType = text.xcconfig; name = "Pods-iChartsTests.release.xcconfig"; path = "Target Support Files/Pods-iChartsTests/Pods-iChartsTests.release.xcconfig"; sourceTree = "<group>"; };
		C326C4E43E560017A329960C /* libPods-iCharts.a */ = {isa = PBXFileReference; explicitFileType = archive.ar; includeInIndex = 0; path = "libPods-iCharts.a"; sourceTree = BUILT_PRODUCTS_DIR; };
		FEA771BAB783E8937CDD9AE1 /* Pods-iCharts.debug.xcconfig */ = {isa = PBXFileReference; includeInIndex = 1; lastKnownFileType = text.xcconfig; name = "Pods-iCharts.debug.xcconfig"; path = "Target Support Files/Pods-iCharts/Pods-iCharts.debug.xcconfig"; sourceTree = "<group>"; };
/* End PBXFileReference section */

/* Begin PBXFrameworksBuildPhase section */
		4BCE4723223686F7003D0117 /* Frameworks */ = {
			isa = PBXFrameworksBuildPhase;
			buildActionMask = 2147483647;
			files = (
				2057D6456733C6D57CBACBA6 /* libPods-iCharts.a in Frameworks */,
			);
			runOnlyForDeploymentPostprocessing = 0;
		};
		4BCE472C223686F7003D0117 /* Frameworks */ = {
			isa = PBXFrameworksBuildPhase;
			buildActionMask = 2147483647;
			files = (
				4BCE4730223686F7003D0117 /* iCharts.framework in Frameworks */,
				9750A8EB7056F972A22B3B6A /* libPods-iChartsTests.a in Frameworks */,
			);
			runOnlyForDeploymentPostprocessing = 0;
		};
/* End PBXFrameworksBuildPhase section */

/* Begin PBXGroup section */
		4BCE471C223686F7003D0117 = {
			isa = PBXGroup;
			children = (
				4BCE4728223686F7003D0117 /* iCharts */,
				4BCE4733223686F7003D0117 /* iChartsTests */,
				4BCE4727223686F7003D0117 /* Products */,
				B7FBB12FF1DED63F96ABB77D /* Pods */,
				C63E783D83B16664241294DC /* Frameworks */,
			);
			sourceTree = "<group>";
		};
		4BCE4727223686F7003D0117 /* Products */ = {
			isa = PBXGroup;
			children = (
				4BCE4726223686F7003D0117 /* iCharts.framework */,
				4BCE472F223686F7003D0117 /* iChartsTests.xctest */,
			);
			name = Products;
			sourceTree = "<group>";
		};
		4BCE4728223686F7003D0117 /* iCharts */ = {
			isa = PBXGroup;
			children = (
				4BCE4729223686F7003D0117 /* iCharts.h */,
				4BCE472A223686F7003D0117 /* Info.plist */,
			);
			path = iCharts;
			sourceTree = "<group>";
		};
		4BCE4733223686F7003D0117 /* iChartsTests */ = {
			isa = PBXGroup;
			children = (
				4BCE4734223686F7003D0117 /* iChartsTests.swift */,
				4BCE4736223686F7003D0117 /* Info.plist */,
			);
			path = iChartsTests;
			sourceTree = "<group>";
		};
		B7FBB12FF1DED63F96ABB77D /* Pods */ = {
			isa = PBXGroup;
			children = (
				FEA771BAB783E8937CDD9AE1 /* Pods-iCharts.debug.xcconfig */,
				4A12A840E7EEEDAEC3B78DEE /* Pods-iCharts.release.xcconfig */,
				72E77D56FDA01BB97CF36B50 /* Pods-iChartsTests.debug.xcconfig */,
				9FB95A0DAC997B04969436DE /* Pods-iChartsTests.release.xcconfig */,
			);
			path = Pods;
			sourceTree = "<group>";
		};
		C63E783D83B16664241294DC /* Frameworks */ = {
			isa = PBXGroup;
			children = (
				C326C4E43E560017A329960C /* libPods-iCharts.a */,
				690178712618CC3798DF1A23 /* libPods-iChartsTests.a */,
			);
			name = Frameworks;
			sourceTree = "<group>";
		};
/* End PBXGroup section */

/* Begin PBXHeadersBuildPhase section */
		4BCE4721223686F7003D0117 /* Headers */ = {
			isa = PBXHeadersBuildPhase;
			buildActionMask = 2147483647;
			files = (
				4BCE4737223686F7003D0117 /* iCharts.h in Headers */,
			);
			runOnlyForDeploymentPostprocessing = 0;
		};
/* End PBXHeadersBuildPhase section */

/* Begin PBXNativeTarget section */
		4BCE4725223686F7003D0117 /* iCharts */ = {
			isa = PBXNativeTarget;
			buildConfigurationList = 4BCE473A223686F7003D0117 /* Build configuration list for PBXNativeTarget "iCharts" */;
			buildPhases = (
				E6313635DEB9F7D8A049C5DE /* [CP] Check Pods Manifest.lock */,
				4BCE4721223686F7003D0117 /* Headers */,
				4BCE4722223686F7003D0117 /* Sources */,
				4BCE4723223686F7003D0117 /* Frameworks */,
				4BCE4724223686F7003D0117 /* Resources */,
			);
			buildRules = (
			);
			dependencies = (
			);
			name = iCharts;
			productName = iCharts;
			productReference = 4BCE4726223686F7003D0117 /* iCharts.framework */;
			productType = "com.apple.product-type.framework";
		};
		4BCE472E223686F7003D0117 /* iChartsTests */ = {
			isa = PBXNativeTarget;
			buildConfigurationList = 4BCE473D223686F7003D0117 /* Build configuration list for PBXNativeTarget "iChartsTests" */;
			buildPhases = (
				406C57900349F7E85E82CE5E /* [CP] Check Pods Manifest.lock */,
				4BCE472B223686F7003D0117 /* Sources */,
				4BCE472C223686F7003D0117 /* Frameworks */,
				4BCE472D223686F7003D0117 /* Resources */,
			);
			buildRules = (
			);
			dependencies = (
				4BCE4732223686F7003D0117 /* PBXTargetDependency */,
			);
			name = iChartsTests;
			productName = iChartsTests;
			productReference = 4BCE472F223686F7003D0117 /* iChartsTests.xctest */;
			productType = "com.apple.product-type.bundle.unit-test";
		};
/* End PBXNativeTarget section */

/* Begin PBXProject section */
		4BCE471D223686F7003D0117 /* Project object */ = {
			isa = PBXProject;
			attributes = {
				LastSwiftUpdateCheck = 1010;
				LastUpgradeCheck = 1010;
				ORGANIZATIONNAME = "Volodymyr Hryhoriev";
				TargetAttributes = {
					4BCE4725223686F7003D0117 = {
						CreatedOnToolsVersion = 10.1;
					};
					4BCE472E223686F7003D0117 = {
						CreatedOnToolsVersion = 10.1;
					};
				};
			};
			buildConfigurationList = 4BCE4720223686F7003D0117 /* Build configuration list for PBXProject "iCharts" */;
			compatibilityVersion = "Xcode 9.3";
			developmentRegion = en;
			hasScannedForEncodings = 0;
			knownRegions = (
				en,
			);
			mainGroup = 4BCE471C223686F7003D0117;
			productRefGroup = 4BCE4727223686F7003D0117 /* Products */;
			projectDirPath = "";
			projectRoot = "";
			targets = (
				4BCE4725223686F7003D0117 /* iCharts */,
				4BCE472E223686F7003D0117 /* iChartsTests */,
			);
		};
/* End PBXProject section */

/* Begin PBXResourcesBuildPhase section */
		4BCE4724223686F7003D0117 /* Resources */ = {
			isa = PBXResourcesBuildPhase;
			buildActionMask = 2147483647;
			files = (
			);
			runOnlyForDeploymentPostprocessing = 0;
		};
		4BCE472D223686F7003D0117 /* Resources */ = {
			isa = PBXResourcesBuildPhase;
			buildActionMask = 2147483647;
			files = (
			);
			runOnlyForDeploymentPostprocessing = 0;
		};
/* End PBXResourcesBuildPhase section */

/* Begin PBXShellScriptBuildPhase section */
		406C57900349F7E85E82CE5E /* [CP] Check Pods Manifest.lock */ = {
			isa = PBXShellScriptBuildPhase;
			buildActionMask = 2147483647;
			files = (
			);
			inputFileListPaths = (
			);
			inputPaths = (
				"${PODS_PODFILE_DIR_PATH}/Podfile.lock",
				"${PODS_ROOT}/Manifest.lock",
			);
			name = "[CP] Check Pods Manifest.lock";
			outputFileListPaths = (
			);
			outputPaths = (
				"$(DERIVED_FILE_DIR)/Pods-iChartsTests-checkManifestLockResult.txt",
			);
			runOnlyForDeploymentPostprocessing = 0;
			shellPath = /bin/sh;
			shellScript = "diff \"${PODS_PODFILE_DIR_PATH}/Podfile.lock\" \"${PODS_ROOT}/Manifest.lock\" > /dev/null\nif [ $? != 0 ] ; then\n    # print error to STDERR\n    echo \"error: The sandbox is not in sync with the Podfile.lock. Run 'pod install' or update your CocoaPods installation.\" >&2\n    exit 1\nfi\n# This output is used by Xcode 'outputs' to avoid re-running this script phase.\necho \"SUCCESS\" > \"${SCRIPT_OUTPUT_FILE_0}\"\n";
			showEnvVarsInLog = 0;
		};
		E6313635DEB9F7D8A049C5DE /* [CP] Check Pods Manifest.lock */ = {
			isa = PBXShellScriptBuildPhase;
			buildActionMask = 2147483647;
			files = (
			);
			inputFileListPaths = (
			);
			inputPaths = (
				"${PODS_PODFILE_DIR_PATH}/Podfile.lock",
				"${PODS_ROOT}/Manifest.lock",
			);
			name = "[CP] Check Pods Manifest.lock";
			outputFileListPaths = (
			);
			outputPaths = (
				"$(DERIVED_FILE_DIR)/Pods-iCharts-checkManifestLockResult.txt",
			);
			runOnlyForDeploymentPostprocessing = 0;
			shellPath = /bin/sh;
			shellScript = "diff \"${PODS_PODFILE_DIR_PATH}/Podfile.lock\" \"${PODS_ROOT}/Manifest.lock\" > /dev/null\nif [ $? != 0 ] ; then\n    # print error to STDERR\n    echo \"error: The sandbox is not in sync with the Podfile.lock. Run 'pod install' or update your CocoaPods installation.\" >&2\n    exit 1\nfi\n# This output is used by Xcode 'outputs' to avoid re-running this script phase.\necho \"SUCCESS\" > \"${SCRIPT_OUTPUT_FILE_0}\"\n";
			showEnvVarsInLog = 0;
		};
/* End PBXShellScriptBuildPhase section */

/* Begin PBXSourcesBuildPhase section */
		4BCE4722223686F7003D0117 /* Sources */ = {
			isa = PBXSourcesBuildPhase;
			buildActionMask = 2147483647;
			files = (
			);
			runOnlyForDeploymentPostprocessing = 0;
		};
		4BCE472B223686F7003D0117 /* Sources */ = {
			isa = PBXSourcesBuildPhase;
			buildActionMask = 2147483647;
			files = (
				4BCE4735223686F7003D0117 /* iChartsTests.swift in Sources */,
			);
			runOnlyForDeploymentPostprocessing = 0;
		};
/* End PBXSourcesBuildPhase section */

/* Begin PBXTargetDependency section */
		4BCE4732223686F7003D0117 /* PBXTargetDependency */ = {
			isa = PBXTargetDependency;
			target = 4BCE4725223686F7003D0117 /* iCharts */;
			targetProxy = 4BCE4731223686F7003D0117 /* PBXContainerItemProxy */;
		};
/* End PBXTargetDependency section */

/* Begin XCBuildConfiguration section */
		4BCE4738223686F7003D0117 /* Debug */ = {
			isa = XCBuildConfiguration;
			buildSettings = {
				ALWAYS_SEARCH_USER_PATHS = NO;
				CLANG_ANALYZER_NONNULL = YES;
				CLANG_ANALYZER_NUMBER_OBJECT_CONVERSION = YES_AGGRESSIVE;
				CLANG_CXX_LANGUAGE_STANDARD = "gnu++14";
				CLANG_CXX_LIBRARY = "libc++";
				CLANG_ENABLE_MODULES = YES;
				CLANG_ENABLE_OBJC_ARC = YES;
				CLANG_ENABLE_OBJC_WEAK = YES;
				CLANG_WARN_BLOCK_CAPTURE_AUTORELEASING = YES;
				CLANG_WARN_BOOL_CONVERSION = YES;
				CLANG_WARN_COMMA = YES;
				CLANG_WARN_CONSTANT_CONVERSION = YES;
				CLANG_WARN_DEPRECATED_OBJC_IMPLEMENTATIONS = YES;
				CLANG_WARN_DIRECT_OBJC_ISA_USAGE = YES_ERROR;
				CLANG_WARN_DOCUMENTATION_COMMENTS = YES;
				CLANG_WARN_EMPTY_BODY = YES;
				CLANG_WARN_ENUM_CONVERSION = YES;
				CLANG_WARN_INFINITE_RECURSION = YES;
				CLANG_WARN_INT_CONVERSION = YES;
				CLANG_WARN_NON_LITERAL_NULL_CONVERSION = YES;
				CLANG_WARN_OBJC_IMPLICIT_RETAIN_SELF = YES;
				CLANG_WARN_OBJC_LITERAL_CONVERSION = YES;
				CLANG_WARN_OBJC_ROOT_CLASS = YES_ERROR;
				CLANG_WARN_RANGE_LOOP_ANALYSIS = YES;
				CLANG_WARN_STRICT_PROTOTYPES = YES;
				CLANG_WARN_SUSPICIOUS_MOVE = YES;
				CLANG_WARN_UNGUARDED_AVAILABILITY = YES_AGGRESSIVE;
				CLANG_WARN_UNREACHABLE_CODE = YES;
				CLANG_WARN__DUPLICATE_METHOD_MATCH = YES;
				CODE_SIGN_IDENTITY = "iPhone Developer";
				COPY_PHASE_STRIP = NO;
				CURRENT_PROJECT_VERSION = 1;
				DEBUG_INFORMATION_FORMAT = dwarf;
				ENABLE_STRICT_OBJC_MSGSEND = YES;
				ENABLE_TESTABILITY = YES;
				GCC_C_LANGUAGE_STANDARD = gnu11;
				GCC_DYNAMIC_NO_PIC = NO;
				GCC_NO_COMMON_BLOCKS = YES;
				GCC_OPTIMIZATION_LEVEL = 0;
				GCC_PREPROCESSOR_DEFINITIONS = (
					"DEBUG=1",
					"$(inherited)",
				);
				GCC_WARN_64_TO_32_BIT_CONVERSION = YES;
				GCC_WARN_ABOUT_RETURN_TYPE = YES_ERROR;
				GCC_WARN_UNDECLARED_SELECTOR = YES;
				GCC_WARN_UNINITIALIZED_AUTOS = YES_AGGRESSIVE;
				GCC_WARN_UNUSED_FUNCTION = YES;
				GCC_WARN_UNUSED_VARIABLE = YES;
				IPHONEOS_DEPLOYMENT_TARGET = 10;
				MTL_ENABLE_DEBUG_INFO = INCLUDE_SOURCE;
				MTL_FAST_MATH = YES;
				ONLY_ACTIVE_ARCH = YES;
				SDKROOT = iphoneos;
				SWIFT_ACTIVE_COMPILATION_CONDITIONS = DEBUG;
				SWIFT_OPTIMIZATION_LEVEL = "-Onone";
				VERSIONING_SYSTEM = "apple-generic";
				VERSION_INFO_PREFIX = "";
			};
			name = Debug;
		};
		4BCE4739223686F7003D0117 /* Release */ = {
			isa = XCBuildConfiguration;
			buildSettings = {
				ALWAYS_SEARCH_USER_PATHS = NO;
				CLANG_ANALYZER_NONNULL = YES;
				CLANG_ANALYZER_NUMBER_OBJECT_CONVERSION = YES_AGGRESSIVE;
				CLANG_CXX_LANGUAGE_STANDARD = "gnu++14";
				CLANG_CXX_LIBRARY = "libc++";
				CLANG_ENABLE_MODULES = YES;
				CLANG_ENABLE_OBJC_ARC = YES;
				CLANG_ENABLE_OBJC_WEAK = YES;
				CLANG_WARN_BLOCK_CAPTURE_AUTORELEASING = YES;
				CLANG_WARN_BOOL_CONVERSION = YES;
				CLANG_WARN_COMMA = YES;
				CLANG_WARN_CONSTANT_CONVERSION = YES;
				CLANG_WARN_DEPRECATED_OBJC_IMPLEMENTATIONS = YES;
				CLANG_WARN_DIRECT_OBJC_ISA_USAGE = YES_ERROR;
				CLANG_WARN_DOCUMENTATION_COMMENTS = YES;
				CLANG_WARN_EMPTY_BODY = YES;
				CLANG_WARN_ENUM_CONVERSION = YES;
				CLANG_WARN_INFINITE_RECURSION = YES;
				CLANG_WARN_INT_CONVERSION = YES;
				CLANG_WARN_NON_LITERAL_NULL_CONVERSION = YES;
				CLANG_WARN_OBJC_IMPLICIT_RETAIN_SELF = YES;
				CLANG_WARN_OBJC_LITERAL_CONVERSION = YES;
				CLANG_WARN_OBJC_ROOT_CLASS = YES_ERROR;
				CLANG_WARN_RANGE_LOOP_ANALYSIS = YES;
				CLANG_WARN_STRICT_PROTOTYPES = YES;
				CLANG_WARN_SUSPICIOUS_MOVE = YES;
				CLANG_WARN_UNGUARDED_AVAILABILITY = YES_AGGRESSIVE;
				CLANG_WARN_UNREACHABLE_CODE = YES;
				CLANG_WARN__DUPLICATE_METHOD_MATCH = YES;
				CODE_SIGN_IDENTITY = "iPhone Developer";
				COPY_PHASE_STRIP = NO;
				CURRENT_PROJECT_VERSION = 1;
				DEBUG_INFORMATION_FORMAT = "dwarf-with-dsym";
				ENABLE_NS_ASSERTIONS = NO;
				ENABLE_STRICT_OBJC_MSGSEND = YES;
				GCC_C_LANGUAGE_STANDARD = gnu11;
				GCC_NO_COMMON_BLOCKS = YES;
				GCC_WARN_64_TO_32_BIT_CONVERSION = YES;
				GCC_WARN_ABOUT_RETURN_TYPE = YES_ERROR;
				GCC_WARN_UNDECLARED_SELECTOR = YES;
				GCC_WARN_UNINITIALIZED_AUTOS = YES_AGGRESSIVE;
				GCC_WARN_UNUSED_FUNCTION = YES;
				GCC_WARN_UNUSED_VARIABLE = YES;
				IPHONEOS_DEPLOYMENT_TARGET = 10;
				MTL_ENABLE_DEBUG_INFO = NO;
				MTL_FAST_MATH = YES;
				SDKROOT = iphoneos;
				SWIFT_COMPILATION_MODE = wholemodule;
				SWIFT_OPTIMIZATION_LEVEL = "-O";
				VALIDATE_PRODUCT = YES;
				VERSIONING_SYSTEM = "apple-generic";
				VERSION_INFO_PREFIX = "";
			};
			name = Release;
		};
		4BCE473B223686F7003D0117 /* Debug */ = {
			isa = XCBuildConfiguration;
			baseConfigurationReference = FEA771BAB783E8937CDD9AE1 /* Pods-iCharts.debug.xcconfig */;
			buildSettings = {
				CODE_SIGN_IDENTITY = "";
				CODE_SIGN_STYLE = Automatic;
				DEFINES_MODULE = YES;
				DEVELOPMENT_TEAM = MQ7UXJJ9YY;
				DYLIB_COMPATIBILITY_VERSION = 1;
				DYLIB_CURRENT_VERSION = 1;
				DYLIB_INSTALL_NAME_BASE = "@rpath";
				INFOPLIST_FILE = iCharts/Info.plist;
				INSTALL_PATH = "$(LOCAL_LIBRARY_DIR)/Frameworks";
				IPHONEOS_DEPLOYMENT_TARGET = 10;
				LD_RUNPATH_SEARCH_PATHS = (
					"$(inherited)",
					"@executable_path/Frameworks",
					"@loader_path/Frameworks",
				);
				PRODUCT_BUNDLE_IDENTIFIER = com.specialfor.iCharts;
				PRODUCT_NAME = "$(TARGET_NAME:c99extidentifier)";
				SKIP_INSTALL = YES;
				SWIFT_VERSION = 4.2;
				TARGETED_DEVICE_FAMILY = "1,2";
			};
			name = Debug;
		};
		4BCE473C223686F7003D0117 /* Release */ = {
			isa = XCBuildConfiguration;
			baseConfigurationReference = 4A12A840E7EEEDAEC3B78DEE /* Pods-iCharts.release.xcconfig */;
			buildSettings = {
				CODE_SIGN_IDENTITY = "";
				CODE_SIGN_STYLE = Automatic;
				DEFINES_MODULE = YES;
				DEVELOPMENT_TEAM = MQ7UXJJ9YY;
				DYLIB_COMPATIBILITY_VERSION = 1;
				DYLIB_CURRENT_VERSION = 1;
				DYLIB_INSTALL_NAME_BASE = "@rpath";
				INFOPLIST_FILE = iCharts/Info.plist;
				INSTALL_PATH = "$(LOCAL_LIBRARY_DIR)/Frameworks";
				IPHONEOS_DEPLOYMENT_TARGET = 10;
				LD_RUNPATH_SEARCH_PATHS = (
					"$(inherited)",
					"@executable_path/Frameworks",
					"@loader_path/Frameworks",
				);
				PRODUCT_BUNDLE_IDENTIFIER = com.specialfor.iCharts;
				PRODUCT_NAME = "$(TARGET_NAME:c99extidentifier)";
				SKIP_INSTALL = YES;
				SWIFT_VERSION = 4.2;
				TARGETED_DEVICE_FAMILY = "1,2";
			};
			name = Release;
		};
		4BCE473E223686F7003D0117 /* Debug */ = {
			isa = XCBuildConfiguration;
			baseConfigurationReference = 72E77D56FDA01BB97CF36B50 /* Pods-iChartsTests.debug.xcconfig */;
			buildSettings = {
				CODE_SIGN_STYLE = Automatic;
				DEVELOPMENT_TEAM = MQ7UXJJ9YY;
				INFOPLIST_FILE = iChartsTests/Info.plist;
				LD_RUNPATH_SEARCH_PATHS = (
					"$(inherited)",
					"@executable_path/Frameworks",
					"@loader_path/Frameworks",
				);
				PRODUCT_BUNDLE_IDENTIFIER = com.specialfor.iChartsTests;
				PRODUCT_NAME = "$(TARGET_NAME)";
				SWIFT_VERSION = 4.2;
				TARGETED_DEVICE_FAMILY = "1,2";
			};
			name = Debug;
		};
		4BCE473F223686F7003D0117 /* Release */ = {
			isa = XCBuildConfiguration;
			baseConfigurationReference = 9FB95A0DAC997B04969436DE /* Pods-iChartsTests.release.xcconfig */;
			buildSettings = {
				CODE_SIGN_STYLE = Automatic;
				DEVELOPMENT_TEAM = MQ7UXJJ9YY;
				INFOPLIST_FILE = iChartsTests/Info.plist;
				LD_RUNPATH_SEARCH_PATHS = (
					"$(inherited)",
					"@executable_path/Frameworks",
					"@loader_path/Frameworks",
				);
				PRODUCT_BUNDLE_IDENTIFIER = com.specialfor.iChartsTests;
				PRODUCT_NAME = "$(TARGET_NAME)";
				SWIFT_VERSION = 4.2;
				TARGETED_DEVICE_FAMILY = "1,2";
			};
			name = Release;
		};
/* End XCBuildConfiguration section */

/* Begin XCConfigurationList section */
		4BCE4720223686F7003D0117 /* Build configuration list for PBXProject "iCharts" */ = {
			isa = XCConfigurationList;
			buildConfigurations = (
				4BCE4738223686F7003D0117 /* Debug */,
				4BCE4739223686F7003D0117 /* Release */,
			);
			defaultConfigurationIsVisible = 0;
			defaultConfigurationName = Release;
		};
		4BCE473A223686F7003D0117 /* Build configuration list for PBXNativeTarget "iCharts" */ = {
			isa = XCConfigurationList;
			buildConfigurations = (
				4BCE473B223686F7003D0117 /* Debug */,
				4BCE473C223686F7003D0117 /* Release */,
			);
			defaultConfigurationIsVisible = 0;
			defaultConfigurationName = Release;
		};
		4BCE473D223686F7003D0117 /* Build configuration list for PBXNativeTarget "iChartsTests" */ = {
			isa = XCConfigurationList;
			buildConfigurations = (
				4BCE473E223686F7003D0117 /* Debug */,
				4BCE473F223686F7003D0117 /* Release */,
			);
			defaultConfigurationIsVisible = 0;
			defaultConfigurationName = Release;
		};
/* End XCConfigurationList section */
	};
	rootObject = 4BCE471D223686F7003D0117 /* Project object */;
}
